// !$*UTF8*$!
{
	archiveVersion = 1;
	classes = {
	};
	objectVersion = 77;
	objects = {

/* Begin PBXBuildFile section */
		49C364942FD4DE7E00C1F5DE /* AppState.swift in Sources */ = {isa = PBXBuildFile; fileRef = 49C364732FD4DE4B00C1F5DE /* AppState.swift */; };
		49C364952FD4DE7E00C1F5DE /* Dependencies.swift in Sources */ = {isa = PBXBuildFile; fileRef = 49C364742FD4DE4B00C1F5DE /* Dependencies.swift */; };
		49C364962FD4DE7E00C1F5DE /* MainTabView.swift in Sources */ = {isa = PBXBuildFile; fileRef = 49C364752FD4DE4B00C1F5DE /* MainTabView.swift */; };
		49C364972FD4DE7E00C1F5DE /* PeppyApp.swift in Sources */ = {isa = PBXBuildFile; fileRef = 49C364762FD4DE4B00C1F5DE /* PeppyApp.swift */; };
		49C364982FD4DE7E00C1F5DE /* RootView.swift in Sources */ = {isa = PBXBuildFile; fileRef = 49C364772FD4DE4B00C1F5DE /* RootView.swift */; };
		49C364992FD4DE7E00C1F5DE /* APIClient.swift in Sources */ = {isa = PBXBuildFile; fileRef = 49C364792FD4DE4B00C1F5DE /* APIClient.swift */; };
		49C3649A2FD4DE7E00C1F5DE /* APIError.swift in Sources */ = {isa = PBXBuildFile; fileRef = 49C3647A2FD4DE4B00C1F5DE /* APIError.swift */; };
		49C3649B2FD4DE7E00C1F5DE /* APIModels.swift in Sources */ = {isa = PBXBuildFile; fileRef = 49C3647B2FD4DE4B00C1F5DE /* APIModels.swift */; };
		49C3649C2FD4DE7E00C1F5DE /* Endpoint.swift in Sources */ = {isa = PBXBuildFile; fileRef = 49C3647C2FD4DE4B00C1F5DE /* Endpoint.swift */; };
		49C3649D2FD4DE7E00C1F5DE /* MockAPIClient.swift in Sources */ = {isa = PBXBuildFile; fileRef = 49C3647D2FD4DE4B00C1F5DE /* MockAPIClient.swift */; };
		49C3649E2FD4DE7E00C1F5DE /* KeychainService.swift in Sources */ = {isa = PBXBuildFile; fileRef = 49C3647F2FD4DE4B00C1F5DE /* KeychainService.swift */; };
		A2C200022607170000000002 /* WeightUnitPreferenceStore.swift in Sources */ = {isa = PBXBuildFile; fileRef = A2C200012607170000000001 /* WeightUnitPreferenceStore.swift */; };
		A2C300022607170000000002 /* CheckinStore.swift in Sources */ = {isa = PBXBuildFile; fileRef = A2C300012607170000000001 /* CheckinStore.swift */; };
		A2C400022607170000000002 /* CheckinModels.swift in Sources */ = {isa = PBXBuildFile; fileRef = A2C400012607170000000001 /* CheckinModels.swift */; };
		A2C400052607170000000005 /* CheckinHubViewModel.swift in Sources */ = {isa = PBXBuildFile; fileRef = A2C400042607170000000004 /* CheckinHubViewModel.swift */; };
		A2C400072607170000000007 /* CheckinHubView.swift in Sources */ = {isa = PBXBuildFile; fileRef = A2C400062607170000000006 /* CheckinHubView.swift */; };
		A2C500042607210000000004 /* SettingsAPIContractTests.swift in Sources */ = {isa = PBXBuildFile; fileRef = A2C500032607210000000003 /* SettingsAPIContractTests.swift */; };
		A2C500022607210000000002 /* SettingsAPIModels.swift in Sources */ = {isa = PBXBuildFile; fileRef = A2C500012607210000000001 /* SettingsAPIModels.swift */; };
		A2C600022607220000000002 /* SettingsStoreTests.swift in Sources */ = {isa = PBXBuildFile; fileRef = A2C600012607220000000001 /* SettingsStoreTests.swift */; };
		A2C600042607220000000004 /* SettingsNavigationTests.swift in Sources */ = {isa = PBXBuildFile; fileRef = A2C600032607220000000003 /* SettingsNavigationTests.swift */; };
		A2C600062607220000000006 /* SettingsModels.swift in Sources */ = {isa = PBXBuildFile; fileRef = A2C600052607220000000005 /* SettingsModels.swift */; };
		A2C600082607220000000008 /* SettingsStore.swift in Sources */ = {isa = PBXBuildFile; fileRef = A2C600072607220000000007 /* SettingsStore.swift */; };
		A2C6000A260722000000000A /* SettingsComponents.swift in Sources */ = {isa = PBXBuildFile; fileRef = A2C600092607220000000009 /* SettingsComponents.swift */; };
		A2C6000C260722000000000C /* SettingsRootView.swift in Sources */ = {isa = PBXBuildFile; fileRef = A2C6000B260722000000000B /* SettingsRootView.swift */; };
		A2C700022607220000000002 /* ProfileSettingsViewModelTests.swift in Sources */ = {isa = PBXBuildFile; fileRef = A2C700012607220000000001 /* ProfileSettingsViewModelTests.swift */; };
		A2C700042607220000000004 /* ProfileSettingsViewModel.swift in Sources */ = {isa = PBXBuildFile; fileRef = A2C700032607220000000003 /* ProfileSettingsViewModel.swift */; };
		A2C700062607220000000006 /* ProfileSettingsView.swift in Sources */ = {isa = PBXBuildFile; fileRef = A2C700052607220000000005 /* ProfileSettingsView.swift */; };
		A2C700082607220000000008 /* ProfileEditorSheets.swift in Sources */ = {isa = PBXBuildFile; fileRef = A2C700072607220000000007 /* ProfileEditorSheets.swift */; };
		A2C800022607230000000002 /* NotificationSettingsTests.swift in Sources */ = {isa = PBXBuildFile; fileRef = A2C800012607230000000001 /* NotificationSettingsTests.swift */; };
		A2C810022607230000000002 /* DoseScheduleCalculator.swift in Sources */ = {isa = PBXBuildFile; fileRef = A2C810012607230000000001 /* DoseScheduleCalculator.swift */; };
		A2C810042607230000000004 /* LocalNotificationScheduler.swift in Sources */ = {isa = PBXBuildFile; fileRef = A2C810032607230000000003 /* LocalNotificationScheduler.swift */; };
		A2C810062607230000000006 /* PushRegistrationCoordinator.swift in Sources */ = {isa = PBXBuildFile; fileRef = A2C810052607230000000005 /* PushRegistrationCoordinator.swift */; };
		A2C810092607230000000009 /* NotificationSettingsViewModel.swift in Sources */ = {isa = PBXBuildFile; fileRef = A2C810082607230000000008 /* NotificationSettingsViewModel.swift */; };
		A2C8100B260723000000000B /* NotificationSettingsView.swift in Sources */ = {isa = PBXBuildFile; fileRef = A2C8100A260723000000000A /* NotificationSettingsView.swift */; };
		A2C8100D260723000000000D /* ReminderSetupSheets.swift in Sources */ = {isa = PBXBuildFile; fileRef = A2C8100C260723000000000C /* ReminderSetupSheets.swift */; };
		A2C8100F260723000000000F /* PeppyAppDelegate.swift in Sources */ = {isa = PBXBuildFile; fileRef = A2C8100E260723000000000E /* PeppyAppDelegate.swift */; };
		A2C900022607230100000002 /* AppLockCoordinatorTests.swift in Sources */ = {isa = PBXBuildFile; fileRef = A2C900012607230100000001 /* AppLockCoordinatorTests.swift */; };
		A2CA00022607230200000002 /* DataExportViewModelTests.swift in Sources */ = {isa = PBXBuildFile; fileRef = A2CA00012607230200000001 /* DataExportViewModelTests.swift */; };
		A2CB00022607231400000002 /* AccountSecurityViewModelTests.swift in Sources */ = {isa = PBXBuildFile; fileRef = A2CB00012607231400000001 /* AccountSecurityViewModelTests.swift */; };
		A2CB00042607231400000004 /* HelpAboutTests.swift in Sources */ = {isa = PBXBuildFile; fileRef = A2CB00032607231400000003 /* HelpAboutTests.swift */; };
		A2CB01022607231400000102 /* InAppBrowserView.swift in Sources */ = {isa = PBXBuildFile; fileRef = A2CB01012607231400000101 /* InAppBrowserView.swift */; };
		A2CB02022607231400000202 /* AccountSecurityViewModel.swift in Sources */ = {isa = PBXBuildFile; fileRef = A2CB02012607231400000201 /* AccountSecurityViewModel.swift */; };
		A2CB03022607231400000302 /* SecurityPrivacyView.swift in Sources */ = {isa = PBXBuildFile; fileRef = A2CB03012607231400000301 /* SecurityPrivacyView.swift */; };
		A2CB03042607231400000304 /* ChangePasswordView.swift in Sources */ = {isa = PBXBuildFile; fileRef = A2CB03032607231400000303 /* ChangePasswordView.swift */; };
		A2CB03062607231400000306 /* DeleteAccountView.swift in Sources */ = {isa = PBXBuildFile; fileRef = A2CB03052607231400000305 /* DeleteAccountView.swift */; };
		A2CB03082607231400000308 /* HelpAboutView.swift in Sources */ = {isa = PBXBuildFile; fileRef = A2CB03072607231400000307 /* HelpAboutView.swift */; };
		A2CB030A260723140000030A /* MedicalDisclaimerView.swift in Sources */ = {isa = PBXBuildFile; fileRef = A2CB03092607231400000309 /* MedicalDisclaimerView.swift */; };
		A2CA01022607230200000102 /* ExportFileService.swift in Sources */ = {isa = PBXBuildFile; fileRef = A2CA01012607230200000101 /* ExportFileService.swift */; };
		A2CA01042607230200000104 /* DataExportViewModel.swift in Sources */ = {isa = PBXBuildFile; fileRef = A2CA01032607230200000103 /* DataExportViewModel.swift */; };
		A2CA01072607230200000107 /* DataExportView.swift in Sources */ = {isa = PBXBuildFile; fileRef = A2CA01062607230200000106 /* DataExportView.swift */; };
		A2CA01092607230200000109 /* ActivityView.swift in Sources */ = {isa = PBXBuildFile; fileRef = A2CA01082607230200000108 /* ActivityView.swift */; };
		A2C901022607230100000002 /* AppLockService.swift in Sources */ = {isa = PBXBuildFile; fileRef = A2C901012607230100000001 /* AppLockService.swift */; };
		A2C901042607230100000004 /* AppLockPreferences.swift in Sources */ = {isa = PBXBuildFile; fileRef = A2C901032607230100000003 /* AppLockPreferences.swift */; };
		A2C901062607230100000006 /* AppLockCoordinator.swift in Sources */ = {isa = PBXBuildFile; fileRef = A2C901052607230100000005 /* AppLockCoordinator.swift */; };
		A2C901092607230100000009 /* AppLockCoverView.swift in Sources */ = {isa = PBXBuildFile; fileRef = A2C901082607230100000008 /* AppLockCoverView.swift */; };
		49C3649F2FD4DE7E00C1F5DE /* PepBadge.swift in Sources */ = {isa = PBXBuildFile; fileRef = 49C364822FD4DE4B00C1F5DE /* PepBadge.swift */; };
		49C364A02FD4DE7E00C1F5DE /* PepButton.swift in Sources */ = {isa = PBXBuildFile; fileRef = 49C364832FD4DE4B00C1F5DE /* PepButton.swift */; };
		49C364A12FD4DE7E00C1F5DE /* PepCard.swift in Sources */ = {isa = PBXBuildFile; fileRef = 49C364842FD4DE4B00C1F5DE /* PepCard.swift */; };
		49C364A22FD4DE7E00C1F5DE /* PepEmptyState.swift in Sources */ = {isa = PBXBuildFile; fileRef = 49C364852FD4DE4B00C1F5DE /* PepEmptyState.swift */; };
		49C364A32FD4DE7E00C1F5DE /* PepLoadingView.swift in Sources */ = {isa = PBXBuildFile; fileRef = 49C364862FD4DE4B00C1F5DE /* PepLoadingView.swift */; };
		49C364A42FD4DE7E00C1F5DE /* PepTextField.swift in Sources */ = {isa = PBXBuildFile; fileRef = 49C364872FD4DE4B00C1F5DE /* PepTextField.swift */; };
		49C364A52FD4DE7E00C1F5DE /* PepToast.swift in Sources */ = {isa = PBXBuildFile; fileRef = 49C364882FD4DE4B00C1F5DE /* PepToast.swift */; };
		49C364A62FD4DE7E00C1F5DE /* Colors.swift in Sources */ = {isa = PBXBuildFile; fileRef = 49C3648A2FD4DE4B00C1F5DE /* Colors.swift */; };
		49C364A72FD4DE7E00C1F5DE /* Spacing.swift in Sources */ = {isa = PBXBuildFile; fileRef = 49C3648B2FD4DE4B00C1F5DE /* Spacing.swift */; };
		49C364A82FD4DE7E00C1F5DE /* Typography.swift in Sources */ = {isa = PBXBuildFile; fileRef = 49C3648C2FD4DE4B00C1F5DE /* Typography.swift */; };
		49C364A92FD4DE7E00C1F5DE /* LoginView.swift in Sources */ = {isa = PBXBuildFile; fileRef = 49C3648E2FD4DE4B00C1F5DE /* LoginView.swift */; };
		49C364AA2FD4DE7E00C1F5DE /* RegisterView.swift in Sources */ = {isa = PBXBuildFile; fileRef = 49C3648F2FD4DE4B00C1F5DE /* RegisterView.swift */; };
		49C364AB2FD4DE7E00C1F5DE /* WelcomeView.swift in Sources */ = {isa = PBXBuildFile; fileRef = 49C364902FD4DE4B00C1F5DE /* WelcomeView.swift */; };
		49C364AD2FDCFBCD00C1F5DE /* PeppyLogo.swift in Sources */ = {isa = PBXBuildFile; fileRef = 49C364AC2FDCFBCD00C1F5DE /* PeppyLogo.swift */; };
		49C364AF2FDCFD9400C1F5DE /* Assets 2.xcassets in Resources */ = {isa = PBXBuildFile; fileRef = 49C364AE2FDCFD9400C1F5DE /* Assets 2.xcassets */; };
		49C364B02FEE000100C1F5DE /* OnboardingDraftTests.swift in Sources */ = {isa = PBXBuildFile; fileRef = 49C364B12FEE000100C1F5DE /* OnboardingDraftTests.swift */; };
		49C365002FF000100C1F5DE /* ProfileAttachTests.swift in Sources */ = {isa = PBXBuildFile; fileRef = 49C365012FF000100C1F5DE /* ProfileAttachTests.swift */; };
		49C365022FF000200C1F5DE /* DashboardViewModelTests.swift in Sources */ = {isa = PBXBuildFile; fileRef = 49C365032FF000200C1F5DE /* DashboardViewModelTests.swift */; };
		49C365042FF000300C1F5DE /* DashboardModels.swift in Sources */ = {isa = PBXBuildFile; fileRef = 49C365052FF000300C1F5DE /* DashboardModels.swift */; };
		49C365062FF000300C1F5DE /* DashboardViewModel.swift in Sources */ = {isa = PBXBuildFile; fileRef = 49C365072FF000300C1F5DE /* DashboardViewModel.swift */; };
		49C3650B2FF000400C1F5DE /* DashboardCards.swift in Sources */ = {isa = PBXBuildFile; fileRef = 49C3650C2FF000400C1F5DE /* DashboardCards.swift */; };
		49C3650D2FF000400C1F5DE /* DashboardView.swift in Sources */ = {isa = PBXBuildFile; fileRef = 49C3650E2FF000400C1F5DE /* DashboardView.swift */; };
		49C365102FF000500C1F5DE /* StarterProtocolViewModelTests.swift in Sources */ = {isa = PBXBuildFile; fileRef = 49C365112FF000500C1F5DE /* StarterProtocolViewModelTests.swift */; };
		49C365402FF000900C1F5DE /* ProtocolStoreTests.swift in Sources */ = {isa = PBXBuildFile; fileRef = 49C365412FF000900C1F5DE /* ProtocolStoreTests.swift */; };
		49C365122FF000600C1F5DE /* StarterProtocolViewModel.swift in Sources */ = {isa = PBXBuildFile; fileRef = 49C365132FF000600C1F5DE /* StarterProtocolViewModel.swift */; };
		49C3654D2FF000C00C1F5DE /* CompoundEditorViewModel.swift in Sources */ = {isa = PBXBuildFile; fileRef = 49C3654E2FF000C00C1F5DE /* CompoundEditorViewModel.swift */; };
		49C3655D2FF000F00C1F5DE /* ProtocolDetailViewModel.swift in Sources */ = {isa = PBXBuildFile; fileRef = 49C3655E2FF000F00C1F5DE /* ProtocolDetailViewModel.swift */; };
		49C3655F2FF000F00C1F5DE /* ProtocolDetailView.swift in Sources */ = {isa = PBXBuildFile; fileRef = 49C365602FF000F00C1F5DE /* ProtocolDetailView.swift */; };
		49C365612FF000F00C1F5DE /* ProtocolComponents.swift in Sources */ = {isa = PBXBuildFile; fileRef = 49C365622FF000F00C1F5DE /* ProtocolComponents.swift */; };
		49C365652FF001000C1F5DE /* ProtocolEditorView.swift in Sources */ = {isa = PBXBuildFile; fileRef = 49C365662FF001000C1F5DE /* ProtocolEditorView.swift */; };
		49C365672FF001000C1F5DE /* CompoundEditorView.swift in Sources */ = {isa = PBXBuildFile; fileRef = 49C365682FF001000C1F5DE /* CompoundEditorView.swift */; };
		49C3656D2FF001100C1F5DE /* DoseLogView.swift in Sources */ = {isa = PBXBuildFile; fileRef = 49C3656E2FF001100C1F5DE /* DoseLogView.swift */; };
		49C3654F2FF000C00C1F5DE /* ProtocolEditorViewModel.swift in Sources */ = {isa = PBXBuildFile; fileRef = 49C365502FF000C00C1F5DE /* ProtocolEditorViewModel.swift */; };
		49C3656B2FF001100C1F5DE /* DoseLogViewModel.swift in Sources */ = {isa = PBXBuildFile; fileRef = 49C3656C2FF001100C1F5DE /* DoseLogViewModel.swift */; };
		49C365422FF000900C1F5DE /* ProtocolModels.swift in Sources */ = {isa = PBXBuildFile; fileRef = 49C365432FF000900C1F5DE /* ProtocolModels.swift */; };
		49C365462FF000A00C1F5DE /* ProtocolStore.swift in Sources */ = {isa = PBXBuildFile; fileRef = 49C365472FF000A00C1F5DE /* ProtocolStore.swift */; };
		49C365142FF000600C1F5DE /* StarterProtocolSetupView.swift in Sources */ = {isa = PBXBuildFile; fileRef = 49C365152FF000600C1F5DE /* StarterProtocolSetupView.swift */; };
		49C365202FF000700C1F5DE /* CheckinViewModelTests.swift in Sources */ = {isa = PBXBuildFile; fileRef = 49C365212FF000700C1F5DE /* CheckinViewModelTests.swift */; };
		49C365492FF000B00C1F5DE /* CompoundEditorViewModelTests.swift in Sources */ = {isa = PBXBuildFile; fileRef = 49C3654A2FF000B00C1F5DE /* CompoundEditorViewModelTests.swift */; };
		49C365692FF001100C1F5DE /* DoseLogViewModelTests.swift in Sources */ = {isa = PBXBuildFile; fileRef = 49C3656A2FF001100C1F5DE /* DoseLogViewModelTests.swift */; };
		49C3656B2FF001200C1F5DE /* ProtocolNavigationTests.swift in Sources */ = {isa = PBXBuildFile; fileRef = 49C3656C2FF001200C1F5DE /* ProtocolNavigationTests.swift */; };
		49C365702FF001300C1F5DE /* InsightAPIModelsTests.swift in Sources */ = {isa = PBXBuildFile; fileRef = 49C365712FF001300C1F5DE /* InsightAPIModelsTests.swift */; };
		49C365722FF001400C1F5DE /* InsightsStoreTests.swift in Sources */ = {isa = PBXBuildFile; fileRef = 49C365732FF001400C1F5DE /* InsightsStoreTests.swift */; };
		49C365812FF001700C1F5DE /* InsightsListViewModelTests.swift in Sources */ = {isa = PBXBuildFile; fileRef = 49C365802FF001700C1F5DE /* InsightsListViewModelTests.swift */; };
		49C3658C2FF001800C1F5DE /* InsightDetailViewModelTests.swift in Sources */ = {isa = PBXBuildFile; fileRef = 49C3658B2FF001800C1F5DE /* InsightDetailViewModelTests.swift */; };
		49C3658D2FF001900C1F5DE /* WeeklySummaryViewModelTests.swift in Sources */ = {isa = PBXBuildFile; fileRef = 49C3658E2FF001900C1F5DE /* WeeklySummaryViewModelTests.swift */; };
		49C365742FF001500C1F5DE /* InsightsStore.swift in Sources */ = {isa = PBXBuildFile; fileRef = 49C365752FF001500C1F5DE /* InsightsStore.swift */; };
		49C365792FF001700C1F5DE /* InsightModels.swift in Sources */ = {isa = PBXBuildFile; fileRef = 49C365782FF001700C1F5DE /* InsightModels.swift */; };
		49C3657B2FF001700C1F5DE /* InsightsListViewModel.swift in Sources */ = {isa = PBXBuildFile; fileRef = 49C3657A2FF001700C1F5DE /* InsightsListViewModel.swift */; };
		49C3657D2FF001700C1F5DE /* InsightCardView.swift in Sources */ = {isa = PBXBuildFile; fileRef = 49C3657C2FF001700C1F5DE /* InsightCardView.swift */; };
		49C3657F2FF001700C1F5DE /* InsightsListView.swift in Sources */ = {isa = PBXBuildFile; fileRef = 49C3657E2FF001700C1F5DE /* InsightsListView.swift */; };
		49C365862FF001800C1F5DE /* InsightDetailViewModel.swift in Sources */ = {isa = PBXBuildFile; fileRef = 49C365852FF001800C1F5DE /* InsightDetailViewModel.swift */; };
		49C365882FF001800C1F5DE /* ConfidenceRing.swift in Sources */ = {isa = PBXBuildFile; fileRef = 49C365872FF001800C1F5DE /* ConfidenceRing.swift */; };
		49C3658A2FF001800C1F5DE /* InsightDetailView.swift in Sources */ = {isa = PBXBuildFile; fileRef = 49C365892FF001800C1F5DE /* InsightDetailView.swift */; };
		49C365902FF001900C1F5DE /* WeeklySummaryViewModel.swift in Sources */ = {isa = PBXBuildFile; fileRef = 49C3658F2FF001900C1F5DE /* WeeklySummaryViewModel.swift */; };
		49C365922FF001900C1F5DE /* WeeklySummaryView.swift in Sources */ = {isa = PBXBuildFile; fileRef = 49C365912FF001900C1F5DE /* WeeklySummaryView.swift */; };
		49C3654B2FF000B00C1F5DE /* ProtocolEditorViewModelTests.swift in Sources */ = {isa = PBXBuildFile; fileRef = 49C3654C2FF000B00C1F5DE /* ProtocolEditorViewModelTests.swift */; };
		49C365512FF000D00C1F5DE /* ProtocolListViewModelTests.swift in Sources */ = {isa = PBXBuildFile; fileRef = 49C365522FF000D00C1F5DE /* ProtocolListViewModelTests.swift */; };
		49C365632FF000F00C1F5DE /* ProtocolDetailViewModelTests.swift in Sources */ = {isa = PBXBuildFile; fileRef = 49C365642FF000F00C1F5DE /* ProtocolDetailViewModelTests.swift */; };
		49C365532FF000E00C1F5DE /* ProtocolRoute.swift in Sources */ = {isa = PBXBuildFile; fileRef = 49C365542FF000E00C1F5DE /* ProtocolRoute.swift */; };
		49C365552FF000E00C1F5DE /* ProtocolListViewModel.swift in Sources */ = {isa = PBXBuildFile; fileRef = 49C365562FF000E00C1F5DE /* ProtocolListViewModel.swift */; };
		49C365572FF000E00C1F5DE /* ProtocolsRootView.swift in Sources */ = {isa = PBXBuildFile; fileRef = 49C365582FF000E00C1F5DE /* ProtocolsRootView.swift */; };
		49C365592FF000E00C1F5DE /* ProtocolListView.swift in Sources */ = {isa = PBXBuildFile; fileRef = 49C3655A2FF000E00C1F5DE /* ProtocolListView.swift */; };
		49C3655B2FF000E00C1F5DE /* ProtocolRow.swift in Sources */ = {isa = PBXBuildFile; fileRef = 49C3655C2FF000E00C1F5DE /* ProtocolRow.swift */; };
		49C365222FF000700C1F5DE /* CheckinViewModel.swift in Sources */ = {isa = PBXBuildFile; fileRef = 49C365232FF000700C1F5DE /* CheckinViewModel.swift */; };
		49C365242FF000700C1F5DE /* CheckinView.swift in Sources */ = {isa = PBXBuildFile; fileRef = 49C365252FF000700C1F5DE /* CheckinView.swift */; };
		49C364BD2FEE100100C1F5DE /* OnboardingDraft.swift in Sources */ = {isa = PBXBuildFile; fileRef = 49C364BE2FEE100100C1F5DE /* OnboardingDraft.swift */; };
		49C364C12FEE200100C1F5DE /* OnboardingStoreTests.swift in Sources */ = {isa = PBXBuildFile; fileRef = 49C364C22FEE200100C1F5DE /* OnboardingStoreTests.swift */; };
		49C364C32FEE200100C1F5DE /* OnboardingStore.swift in Sources */ = {isa = PBXBuildFile; fileRef = 49C364C42FEE200100C1F5DE /* OnboardingStore.swift */; };
		49C364C52FEE300100C1F5DE /* PermissionServiceTests.swift in Sources */ = {isa = PBXBuildFile; fileRef = 49C364C62FEE300100C1F5DE /* PermissionServiceTests.swift */; };
		49C364C72FEE300100C1F5DE /* HealthKitService.swift in Sources */ = {isa = PBXBuildFile; fileRef = 49C364C82FEE300100C1F5DE /* HealthKitService.swift */; };
		49C364C92FEE300100C1F5DE /* NotificationPermissionService.swift in Sources */ = {isa = PBXBuildFile; fileRef = 49C364CA2FEE300100C1F5DE /* NotificationPermissionService.swift */; };
		49C364CD2FEE300100C1F5DE /* PermissionOutcome.swift in Sources */ = {isa = PBXBuildFile; fileRef = 49C364CE2FEE300100C1F5DE /* PermissionOutcome.swift */; };
		49C364D02FEE400100C1F5DE /* AppFlowCoordinatorTests.swift in Sources */ = {isa = PBXBuildFile; fileRef = 49C364D12FEE400100C1F5DE /* AppFlowCoordinatorTests.swift */; };
		49C364D22FEE400100C1F5DE /* AppFlowCoordinator.swift in Sources */ = {isa = PBXBuildFile; fileRef = 49C364D32FEE400100C1F5DE /* AppFlowCoordinator.swift */; };
		49C364D42FEE500100C1F5DE /* OnboardingViewModelTests.swift in Sources */ = {isa = PBXBuildFile; fileRef = 49C364D52FEE500100C1F5DE /* OnboardingViewModelTests.swift */; };
		49C364D62FEE500100C1F5DE /* OnboardingViewModel.swift in Sources */ = {isa = PBXBuildFile; fileRef = 49C364D72FEE500100C1F5DE /* OnboardingViewModel.swift */; };
		49C364D92FEE600100C1F5DE /* OnboardingComponentTests.swift in Sources */ = {isa = PBXBuildFile; fileRef = 49C364DA2FEE600100C1F5DE /* OnboardingComponentTests.swift */; };
		49C364DB2FEE600100C1F5DE /* PepOnboardingProgress.swift in Sources */ = {isa = PBXBuildFile; fileRef = 49C364DC2FEE600100C1F5DE /* PepOnboardingProgress.swift */; };
		49C364DD2FEE600100C1F5DE /* PepSelectionChip.swift in Sources */ = {isa = PBXBuildFile; fileRef = 49C364DE2FEE600100C1F5DE /* PepSelectionChip.swift */; };
		49C364DF2FEE600100C1F5DE /* OnboardingScaffold.swift in Sources */ = {isa = PBXBuildFile; fileRef = 49C364E02FEE600100C1F5DE /* OnboardingScaffold.swift */; };
		49C364E22FEE700100C1F5DE /* OnboardingBaselineFlowTests.swift in Sources */ = {isa = PBXBuildFile; fileRef = 49C364E32FEE700100C1F5DE /* OnboardingBaselineFlowTests.swift */; };
		49C364E42FEE700100C1F5DE /* OnboardingIntroView.swift in Sources */ = {isa = PBXBuildFile; fileRef = 49C364E52FEE700100C1F5DE /* OnboardingIntroView.swift */; };
		49C364E62FEE700100C1F5DE /* BaselineStepsView.swift in Sources */ = {isa = PBXBuildFile; fileRef = 49C364E72FEE700100C1F5DE /* BaselineStepsView.swift */; };
		49C364E82FEE700100C1F5DE /* OnboardingFlowView.swift in Sources */ = {isa = PBXBuildFile; fileRef = 49C364E92FEE700100C1F5DE /* OnboardingFlowView.swift */; };
		49C364EA2FEE800100C1F5DE /* OnboardingQuestionnaireStepsTests.swift in Sources */ = {isa = PBXBuildFile; fileRef = 49C364EB2FEE800100C1F5DE /* OnboardingQuestionnaireStepsTests.swift */; };
		49C364EC2FEE900100C1F5DE /* PeptideCatalog.swift in Sources */ = {isa = PBXBuildFile; fileRef = 49C364ED2FEE900100C1F5DE /* PeptideCatalog.swift */; };
		49C364EE2FEE900100C1F5DE /* PeptidesStepView.swift in Sources */ = {isa = PBXBuildFile; fileRef = 49C364EF2FEE900100C1F5DE /* PeptidesStepView.swift */; };
		49C364F02FEE900100C1F5DE /* MedicationsStepView.swift in Sources */ = {isa = PBXBuildFile; fileRef = 49C364F12FEE900100C1F5DE /* MedicationsStepView.swift */; };
		49C364F22FEE900100C1F5DE /* WorkoutStepView.swift in Sources */ = {isa = PBXBuildFile; fileRef = 49C364F32FEE900100C1F5DE /* WorkoutStepView.swift */; };
		49C364F42FEE900100C1F5DE /* GoalsStepView.swift in Sources */ = {isa = PBXBuildFile; fileRef = 49C364F52FEE900100C1F5DE /* GoalsStepView.swift */; };
		49C364F62FEEA00100C1F5DE /* HealthPermissionView.swift in Sources */ = {isa = PBXBuildFile; fileRef = 49C364F72FEEA00100C1F5DE /* HealthPermissionView.swift */; };
		49C364F82FEEA00100C1F5DE /* NotificationPermissionView.swift in Sources */ = {isa = PBXBuildFile; fileRef = 49C364F92FEEA00100C1F5DE /* NotificationPermissionView.swift */; };
		49C364FA2FEEA00100C1F5DE /* ReadySummaryView.swift in Sources */ = {isa = PBXBuildFile; fileRef = 49C364FB2FEEA00100C1F5DE /* ReadySummaryView.swift */; };
		49E6E4432FE4EA64003B96CE /* LaunchScreen.storyboard in Resources */ = {isa = PBXBuildFile; fileRef = 49E6E4422FE4EA64003B96CE /* LaunchScreen.storyboard */; };
/* End PBXBuildFile section */

/* Begin PBXContainerItemProxy section */
		49C364B92FEE000100C1F5DE /* PBXContainerItemProxy */ = {
			isa = PBXContainerItemProxy;
			containerPortal = 49C363B22FD4D81900C1F5DE /* Project object */;
			proxyType = 1;
			remoteGlobalIDString = 49C363B92FD4D81900C1F5DE;
			remoteInfo = peppy;
		};
/* End PBXContainerItemProxy section */

/* Begin PBXFileReference section */
		49C363BA2FD4D81900C1F5DE /* peppy.app */ = {isa = PBXFileReference; explicitFileType = wrapper.application; includeInIndex = 0; path = peppy.app; sourceTree = BUILT_PRODUCTS_DIR; };
		49C364732FD4DE4B00C1F5DE /* AppState.swift */ = {isa = PBXFileReference; lastKnownFileType = sourcecode.swift; path = AppState.swift; sourceTree = "<group>"; };
		49C364742FD4DE4B00C1F5DE /* Dependencies.swift */ = {isa = PBXFileReference; lastKnownFileType = sourcecode.swift; path = Dependencies.swift; sourceTree = "<group>"; };
		49C364752FD4DE4B00C1F5DE /* MainTabView.swift */ = {isa = PBXFileReference; lastKnownFileType = sourcecode.swift; path = MainTabView.swift; sourceTree = "<group>"; };
		49C364762FD4DE4B00C1F5DE /* PeppyApp.swift */ = {isa = PBXFileReference; lastKnownFileType = sourcecode.swift; path = PeppyApp.swift; sourceTree = "<group>"; };
		49C364772FD4DE4B00C1F5DE /* RootView.swift */ = {isa = PBXFileReference; lastKnownFileType = sourcecode.swift; path = RootView.swift; sourceTree = "<group>"; };
		49C364792FD4DE4B00C1F5DE /* APIClient.swift */ = {isa = PBXFileReference; lastKnownFileType = sourcecode.swift; path = APIClient.swift; sourceTree = "<group>"; };
		49C3647A2FD4DE4B00C1F5DE /* APIError.swift */ = {isa = PBXFileReference; lastKnownFileType = sourcecode.swift; path = APIError.swift; sourceTree = "<group>"; };
		49C3647B2FD4DE4B00C1F5DE /* APIModels.swift */ = {isa = PBXFileReference; lastKnownFileType = sourcecode.swift; path = APIModels.swift; sourceTree = "<group>"; };
		49C3647C2FD4DE4B00C1F5DE /* Endpoint.swift */ = {isa = PBXFileReference; lastKnownFileType = sourcecode.swift; path = Endpoint.swift; sourceTree = "<group>"; };
		49C3647D2FD4DE4B00C1F5DE /* MockAPIClient.swift */ = {isa = PBXFileReference; lastKnownFileType = sourcecode.swift; path = MockAPIClient.swift; sourceTree = "<group>"; };
		49C3647F2FD4DE4B00C1F5DE /* KeychainService.swift */ = {isa = PBXFileReference; lastKnownFileType = sourcecode.swift; path = KeychainService.swift; sourceTree = "<group>"; };
		A2C200012607170000000001 /* WeightUnitPreferenceStore.swift */ = {isa = PBXFileReference; lastKnownFileType = sourcecode.swift; path = WeightUnitPreferenceStore.swift; sourceTree = "<group>"; };
		A2C300012607170000000001 /* CheckinStore.swift */ = {isa = PBXFileReference; lastKnownFileType = sourcecode.swift; path = CheckinStore.swift; sourceTree = "<group>"; };
		A2C400012607170000000001 /* CheckinModels.swift */ = {isa = PBXFileReference; lastKnownFileType = sourcecode.swift; path = CheckinModels.swift; sourceTree = "<group>"; };
		A2C400042607170000000004 /* CheckinHubViewModel.swift */ = {isa = PBXFileReference; lastKnownFileType = sourcecode.swift; path = CheckinHubViewModel.swift; sourceTree = "<group>"; };
		A2C400062607170000000006 /* CheckinHubView.swift */ = {isa = PBXFileReference; lastKnownFileType = sourcecode.swift; path = CheckinHubView.swift; sourceTree = "<group>"; };
		A2C500032607210000000003 /* SettingsAPIContractTests.swift */ = {isa = PBXFileReference; lastKnownFileType = sourcecode.swift; path = SettingsAPIContractTests.swift; sourceTree = "<group>"; };
		A2C500012607210000000001 /* SettingsAPIModels.swift */ = {isa = PBXFileReference; lastKnownFileType = sourcecode.swift; path = SettingsAPIModels.swift; sourceTree = "<group>"; };
		A2C600012607220000000001 /* SettingsStoreTests.swift */ = {isa = PBXFileReference; lastKnownFileType = sourcecode.swift; path = SettingsStoreTests.swift; sourceTree = "<group>"; };
		A2C600032607220000000003 /* SettingsNavigationTests.swift */ = {isa = PBXFileReference; lastKnownFileType = sourcecode.swift; path = SettingsNavigationTests.swift; sourceTree = "<group>"; };
		A2C600052607220000000005 /* SettingsModels.swift */ = {isa = PBXFileReference; lastKnownFileType = sourcecode.swift; path = SettingsModels.swift; sourceTree = "<group>"; };
		A2C600072607220000000007 /* SettingsStore.swift */ = {isa = PBXFileReference; lastKnownFileType = sourcecode.swift; path = SettingsStore.swift; sourceTree = "<group>"; };
		A2C600092607220000000009 /* SettingsComponents.swift */ = {isa = PBXFileReference; lastKnownFileType = sourcecode.swift; path = SettingsComponents.swift; sourceTree = "<group>"; };
		A2C6000B260722000000000B /* SettingsRootView.swift */ = {isa = PBXFileReference; lastKnownFileType = sourcecode.swift; path = SettingsRootView.swift; sourceTree = "<group>"; };
		A2C700012607220000000001 /* ProfileSettingsViewModelTests.swift */ = {isa = PBXFileReference; lastKnownFileType = sourcecode.swift; path = ProfileSettingsViewModelTests.swift; sourceTree = "<group>"; };
		A2C700032607220000000003 /* ProfileSettingsViewModel.swift */ = {isa = PBXFileReference; lastKnownFileType = sourcecode.swift; path = ProfileSettingsViewModel.swift; sourceTree = "<group>"; };
		A2C700052607220000000005 /* ProfileSettingsView.swift */ = {isa = PBXFileReference; lastKnownFileType = sourcecode.swift; path = ProfileSettingsView.swift; sourceTree = "<group>"; };
		A2C700072607220000000007 /* ProfileEditorSheets.swift */ = {isa = PBXFileReference; lastKnownFileType = sourcecode.swift; path = ProfileEditorSheets.swift; sourceTree = "<group>"; };
		A2C800012607230000000001 /* NotificationSettingsTests.swift */ = {isa = PBXFileReference; lastKnownFileType = sourcecode.swift; path = NotificationSettingsTests.swift; sourceTree = "<group>"; };
		A2C810012607230000000001 /* DoseScheduleCalculator.swift */ = {isa = PBXFileReference; lastKnownFileType = sourcecode.swift; path = DoseScheduleCalculator.swift; sourceTree = "<group>"; };
		A2C810032607230000000003 /* LocalNotificationScheduler.swift */ = {isa = PBXFileReference; lastKnownFileType = sourcecode.swift; path = LocalNotificationScheduler.swift; sourceTree = "<group>"; };
		A2C810052607230000000005 /* PushRegistrationCoordinator.swift */ = {isa = PBXFileReference; lastKnownFileType = sourcecode.swift; path = PushRegistrationCoordinator.swift; sourceTree = "<group>"; };
		A2C810082607230000000008 /* NotificationSettingsViewModel.swift */ = {isa = PBXFileReference; lastKnownFileType = sourcecode.swift; path = NotificationSettingsViewModel.swift; sourceTree = "<group>"; };
		A2C8100A260723000000000A /* NotificationSettingsView.swift */ = {isa = PBXFileReference; lastKnownFileType = sourcecode.swift; path = NotificationSettingsView.swift; sourceTree = "<group>"; };
		A2C8100C260723000000000C /* ReminderSetupSheets.swift */ = {isa = PBXFileReference; lastKnownFileType = sourcecode.swift; path = ReminderSetupSheets.swift; sourceTree = "<group>"; };
		A2C8100E260723000000000E /* PeppyAppDelegate.swift */ = {isa = PBXFileReference; lastKnownFileType = sourcecode.swift; path = PeppyAppDelegate.swift; sourceTree = "<group>"; };
		49C364822FD4DE4B00C1F5DE /* PepBadge.swift */ = {isa = PBXFileReference; lastKnownFileType = sourcecode.swift; path = PepBadge.swift; sourceTree = "<group>"; };
		49C364832FD4DE4B00C1F5DE /* PepButton.swift */ = {isa = PBXFileReference; lastKnownFileType = sourcecode.swift; path = PepButton.swift; sourceTree = "<group>"; };
		49C364842FD4DE4B00C1F5DE /* PepCard.swift */ = {isa = PBXFileReference; lastKnownFileType = sourcecode.swift; path = PepCard.swift; sourceTree = "<group>"; };
		49C364852FD4DE4B00C1F5DE /* PepEmptyState.swift */ = {isa = PBXFileReference; lastKnownFileType = sourcecode.swift; path = PepEmptyState.swift; sourceTree = "<group>"; };
		49C364862FD4DE4B00C1F5DE /* PepLoadingView.swift */ = {isa = PBXFileReference; lastKnownFileType = sourcecode.swift; path = PepLoadingView.swift; sourceTree = "<group>"; };
		49C364872FD4DE4B00C1F5DE /* PepTextField.swift */ = {isa = PBXFileReference; lastKnownFileType = sourcecode.swift; path = PepTextField.swift; sourceTree = "<group>"; };
		49C364882FD4DE4B00C1F5DE /* PepToast.swift */ = {isa = PBXFileReference; lastKnownFileType = sourcecode.swift; path = PepToast.swift; sourceTree = "<group>"; };
		49C3648A2FD4DE4B00C1F5DE /* Colors.swift */ = {isa = PBXFileReference; lastKnownFileType = sourcecode.swift; path = Colors.swift; sourceTree = "<group>"; };
		49C3648B2FD4DE4B00C1F5DE /* Spacing.swift */ = {isa = PBXFileReference; lastKnownFileType = sourcecode.swift; path = Spacing.swift; sourceTree = "<group>"; };
		49C3648C2FD4DE4B00C1F5DE /* Typography.swift */ = {isa = PBXFileReference; lastKnownFileType = sourcecode.swift; path = Typography.swift; sourceTree = "<group>"; };
		49C3648E2FD4DE4B00C1F5DE /* LoginView.swift */ = {isa = PBXFileReference; lastKnownFileType = sourcecode.swift; path = LoginView.swift; sourceTree = "<group>"; };
		49C3648F2FD4DE4B00C1F5DE /* RegisterView.swift */ = {isa = PBXFileReference; lastKnownFileType = sourcecode.swift; path = RegisterView.swift; sourceTree = "<group>"; };
		49C364902FD4DE4B00C1F5DE /* WelcomeView.swift */ = {isa = PBXFileReference; lastKnownFileType = sourcecode.swift; path = WelcomeView.swift; sourceTree = "<group>"; };
		49C364AC2FDCFBCD00C1F5DE /* PeppyLogo.swift */ = {isa = PBXFileReference; lastKnownFileType = sourcecode.swift; path = PeppyLogo.swift; sourceTree = "<group>"; };
		49C364AE2FDCFD9400C1F5DE /* Assets 2.xcassets */ = {isa = PBXFileReference; lastKnownFileType = folder.assetcatalog; path = "Assets 2.xcassets"; sourceTree = "<group>"; };
		49C364B12FEE000100C1F5DE /* OnboardingDraftTests.swift */ = {isa = PBXFileReference; lastKnownFileType = sourcecode.swift; path = OnboardingDraftTests.swift; sourceTree = "<group>"; };
		49C364B22FEE000100C1F5DE /* peppyTests.xctest */ = {isa = PBXFileReference; explicitFileType = wrapper.cfbundle; includeInIndex = 0; path = peppyTests.xctest; sourceTree = BUILT_PRODUCTS_DIR; };
		49C365012FF000100C1F5DE /* ProfileAttachTests.swift */ = {isa = PBXFileReference; lastKnownFileType = sourcecode.swift; path = ProfileAttachTests.swift; sourceTree = "<group>"; };
		49C365032FF000200C1F5DE /* DashboardViewModelTests.swift */ = {isa = PBXFileReference; lastKnownFileType = sourcecode.swift; path = DashboardViewModelTests.swift; sourceTree = "<group>"; };
		49C365052FF000300C1F5DE /* DashboardModels.swift */ = {isa = PBXFileReference; lastKnownFileType = sourcecode.swift; path = DashboardModels.swift; sourceTree = "<group>"; };
		49C365072FF000300C1F5DE /* DashboardViewModel.swift */ = {isa = PBXFileReference; lastKnownFileType = sourcecode.swift; path = DashboardViewModel.swift; sourceTree = "<group>"; };
		49C3650C2FF000400C1F5DE /* DashboardCards.swift */ = {isa = PBXFileReference; lastKnownFileType = sourcecode.swift; path = DashboardCards.swift; sourceTree = "<group>"; };
		49C3650E2FF000400C1F5DE /* DashboardView.swift */ = {isa = PBXFileReference; lastKnownFileType = sourcecode.swift; path = DashboardView.swift; sourceTree = "<group>"; };
		49C365112FF000500C1F5DE /* StarterProtocolViewModelTests.swift */ = {isa = PBXFileReference; lastKnownFileType = sourcecode.swift; path = StarterProtocolViewModelTests.swift; sourceTree = "<group>"; };
		49C365412FF000900C1F5DE /* ProtocolStoreTests.swift */ = {isa = PBXFileReference; lastKnownFileType = sourcecode.swift; path = ProtocolStoreTests.swift; sourceTree = "<group>"; };
		49C365132FF000600C1F5DE /* StarterProtocolViewModel.swift */ = {isa = PBXFileReference; lastKnownFileType = sourcecode.swift; path = StarterProtocolViewModel.swift; sourceTree = "<group>"; };
		49C3654E2FF000C00C1F5DE /* CompoundEditorViewModel.swift */ = {isa = PBXFileReference; lastKnownFileType = sourcecode.swift; path = CompoundEditorViewModel.swift; sourceTree = "<group>"; };
		49C3655E2FF000F00C1F5DE /* ProtocolDetailViewModel.swift */ = {isa = PBXFileReference; lastKnownFileType = sourcecode.swift; path = ProtocolDetailViewModel.swift; sourceTree = "<group>"; };
		49C365602FF000F00C1F5DE /* ProtocolDetailView.swift */ = {isa = PBXFileReference; lastKnownFileType = sourcecode.swift; path = ProtocolDetailView.swift; sourceTree = "<group>"; };
		49C365622FF000F00C1F5DE /* ProtocolComponents.swift */ = {isa = PBXFileReference; lastKnownFileType = sourcecode.swift; path = ProtocolComponents.swift; sourceTree = "<group>"; };
		49C365662FF001000C1F5DE /* ProtocolEditorView.swift */ = {isa = PBXFileReference; lastKnownFileType = sourcecode.swift; path = ProtocolEditorView.swift; sourceTree = "<group>"; };
		49C365682FF001000C1F5DE /* CompoundEditorView.swift */ = {isa = PBXFileReference; lastKnownFileType = sourcecode.swift; path = CompoundEditorView.swift; sourceTree = "<group>"; };
		49C3656E2FF001100C1F5DE /* DoseLogView.swift */ = {isa = PBXFileReference; lastKnownFileType = sourcecode.swift; path = DoseLogView.swift; sourceTree = "<group>"; };
		49C365502FF000C00C1F5DE /* ProtocolEditorViewModel.swift */ = {isa = PBXFileReference; lastKnownFileType = sourcecode.swift; path = ProtocolEditorViewModel.swift; sourceTree = "<group>"; };
		49C3656C2FF001100C1F5DE /* DoseLogViewModel.swift */ = {isa = PBXFileReference; lastKnownFileType = sourcecode.swift; path = DoseLogViewModel.swift; sourceTree = "<group>"; };
		49C365432FF000900C1F5DE /* ProtocolModels.swift */ = {isa = PBXFileReference; lastKnownFileType = sourcecode.swift; path = ProtocolModels.swift; sourceTree = "<group>"; };
		49C365472FF000A00C1F5DE /* ProtocolStore.swift */ = {isa = PBXFileReference; lastKnownFileType = sourcecode.swift; path = ProtocolStore.swift; sourceTree = "<group>"; };
		49C365152FF000600C1F5DE /* StarterProtocolSetupView.swift */ = {isa = PBXFileReference; lastKnownFileType = sourcecode.swift; path = StarterProtocolSetupView.swift; sourceTree = "<group>"; };
		49C365212FF000700C1F5DE /* CheckinViewModelTests.swift */ = {isa = PBXFileReference; lastKnownFileType = sourcecode.swift; path = CheckinViewModelTests.swift; sourceTree = "<group>"; };
		49C3654A2FF000B00C1F5DE /* CompoundEditorViewModelTests.swift */ = {isa = PBXFileReference; lastKnownFileType = sourcecode.swift; path = CompoundEditorViewModelTests.swift; sourceTree = "<group>"; };
		49C3656A2FF001100C1F5DE /* DoseLogViewModelTests.swift */ = {isa = PBXFileReference; lastKnownFileType = sourcecode.swift; path = DoseLogViewModelTests.swift; sourceTree = "<group>"; };
		49C3656C2FF001200C1F5DE /* ProtocolNavigationTests.swift */ = {isa = PBXFileReference; lastKnownFileType = sourcecode.swift; path = ProtocolNavigationTests.swift; sourceTree = "<group>"; };
		49C365712FF001300C1F5DE /* InsightAPIModelsTests.swift */ = {isa = PBXFileReference; lastKnownFileType = sourcecode.swift; path = InsightAPIModelsTests.swift; sourceTree = "<group>"; };
		49C365732FF001400C1F5DE /* InsightsStoreTests.swift */ = {isa = PBXFileReference; lastKnownFileType = sourcecode.swift; path = InsightsStoreTests.swift; sourceTree = "<group>"; };
		49C365802FF001700C1F5DE /* InsightsListViewModelTests.swift */ = {isa = PBXFileReference; lastKnownFileType = sourcecode.swift; path = InsightsListViewModelTests.swift; sourceTree = "<group>"; };
		49C3658B2FF001800C1F5DE /* InsightDetailViewModelTests.swift */ = {isa = PBXFileReference; lastKnownFileType = sourcecode.swift; path = InsightDetailViewModelTests.swift; sourceTree = "<group>"; };
		49C3658E2FF001900C1F5DE /* WeeklySummaryViewModelTests.swift */ = {isa = PBXFileReference; lastKnownFileType = sourcecode.swift; path = WeeklySummaryViewModelTests.swift; sourceTree = "<group>"; };
		49C365752FF001500C1F5DE /* InsightsStore.swift */ = {isa = PBXFileReference; lastKnownFileType = sourcecode.swift; path = InsightsStore.swift; sourceTree = "<group>"; };
		49C365782FF001700C1F5DE /* InsightModels.swift */ = {isa = PBXFileReference; lastKnownFileType = sourcecode.swift; path = InsightModels.swift; sourceTree = "<group>"; };
		49C3657A2FF001700C1F5DE /* InsightsListViewModel.swift */ = {isa = PBXFileReference; lastKnownFileType = sourcecode.swift; path = InsightsListViewModel.swift; sourceTree = "<group>"; };
		49C3657C2FF001700C1F5DE /* InsightCardView.swift */ = {isa = PBXFileReference; lastKnownFileType = sourcecode.swift; path = InsightCardView.swift; sourceTree = "<group>"; };
		49C3657E2FF001700C1F5DE /* InsightsListView.swift */ = {isa = PBXFileReference; lastKnownFileType = sourcecode.swift; path = InsightsListView.swift; sourceTree = "<group>"; };
		49C365852FF001800C1F5DE /* InsightDetailViewModel.swift */ = {isa = PBXFileReference; lastKnownFileType = sourcecode.swift; path = InsightDetailViewModel.swift; sourceTree = "<group>"; };
		49C365872FF001800C1F5DE /* ConfidenceRing.swift */ = {isa = PBXFileReference; lastKnownFileType = sourcecode.swift; path = ConfidenceRing.swift; sourceTree = "<group>"; };
		49C365892FF001800C1F5DE /* InsightDetailView.swift */ = {isa = PBXFileReference; lastKnownFileType = sourcecode.swift; path = InsightDetailView.swift; sourceTree = "<group>"; };
		49C3658F2FF001900C1F5DE /* WeeklySummaryViewModel.swift */ = {isa = PBXFileReference; lastKnownFileType = sourcecode.swift; path = WeeklySummaryViewModel.swift; sourceTree = "<group>"; };
		49C365912FF001900C1F5DE /* WeeklySummaryView.swift */ = {isa = PBXFileReference; lastKnownFileType = sourcecode.swift; path = WeeklySummaryView.swift; sourceTree = "<group>"; };
		49C3654C2FF000B00C1F5DE /* ProtocolEditorViewModelTests.swift */ = {isa = PBXFileReference; lastKnownFileType = sourcecode.swift; path = ProtocolEditorViewModelTests.swift; sourceTree = "<group>"; };
		49C365522FF000D00C1F5DE /* ProtocolListViewModelTests.swift */ = {isa = PBXFileReference; lastKnownFileType = sourcecode.swift; path = ProtocolListViewModelTests.swift; sourceTree = "<group>"; };
		49C365642FF000F00C1F5DE /* ProtocolDetailViewModelTests.swift */ = {isa = PBXFileReference; lastKnownFileType = sourcecode.swift; path = ProtocolDetailViewModelTests.swift; sourceTree = "<group>"; };
		49C365542FF000E00C1F5DE /* ProtocolRoute.swift */ = {isa = PBXFileReference; lastKnownFileType = sourcecode.swift; path = ProtocolRoute.swift; sourceTree = "<group>"; };
		49C365562FF000E00C1F5DE /* ProtocolListViewModel.swift */ = {isa = PBXFileReference; lastKnownFileType = sourcecode.swift; path = ProtocolListViewModel.swift; sourceTree = "<group>"; };
		49C365582FF000E00C1F5DE /* ProtocolsRootView.swift */ = {isa = PBXFileReference; lastKnownFileType = sourcecode.swift; path = ProtocolsRootView.swift; sourceTree = "<group>"; };
		49C3655A2FF000E00C1F5DE /* ProtocolListView.swift */ = {isa = PBXFileReference; lastKnownFileType = sourcecode.swift; path = ProtocolListView.swift; sourceTree = "<group>"; };
		49C3655C2FF000E00C1F5DE /* ProtocolRow.swift */ = {isa = PBXFileReference; lastKnownFileType = sourcecode.swift; path = ProtocolRow.swift; sourceTree = "<group>"; };
		49C365232FF000700C1F5DE /* CheckinViewModel.swift */ = {isa = PBXFileReference; lastKnownFileType = sourcecode.swift; path = CheckinViewModel.swift; sourceTree = "<group>"; };
		49C365252FF000700C1F5DE /* CheckinView.swift */ = {isa = PBXFileReference; lastKnownFileType = sourcecode.swift; path = CheckinView.swift; sourceTree = "<group>"; };
		49C364BE2FEE100100C1F5DE /* OnboardingDraft.swift */ = {isa = PBXFileReference; lastKnownFileType = sourcecode.swift; path = OnboardingDraft.swift; sourceTree = "<group>"; };
		49C364C22FEE200100C1F5DE /* OnboardingStoreTests.swift */ = {isa = PBXFileReference; lastKnownFileType = sourcecode.swift; path = OnboardingStoreTests.swift; sourceTree = "<group>"; };
		49C364C42FEE200100C1F5DE /* OnboardingStore.swift */ = {isa = PBXFileReference; lastKnownFileType = sourcecode.swift; path = OnboardingStore.swift; sourceTree = "<group>"; };
		49C364C62FEE300100C1F5DE /* PermissionServiceTests.swift */ = {isa = PBXFileReference; lastKnownFileType = sourcecode.swift; path = PermissionServiceTests.swift; sourceTree = "<group>"; };
		49C364C82FEE300100C1F5DE /* HealthKitService.swift */ = {isa = PBXFileReference; lastKnownFileType = sourcecode.swift; path = HealthKitService.swift; sourceTree = "<group>"; };
		49C364CA2FEE300100C1F5DE /* NotificationPermissionService.swift */ = {isa = PBXFileReference; lastKnownFileType = sourcecode.swift; path = NotificationPermissionService.swift; sourceTree = "<group>"; };
		49C364CC2FEE300100C1F5DE /* peppy.entitlements */ = {isa = PBXFileReference; lastKnownFileType = text.plist.entitlements; path = peppy.entitlements; sourceTree = "<group>"; };
		49C364CE2FEE300100C1F5DE /* PermissionOutcome.swift */ = {isa = PBXFileReference; lastKnownFileType = sourcecode.swift; path = PermissionOutcome.swift; sourceTree = "<group>"; };
		49C364D12FEE400100C1F5DE /* AppFlowCoordinatorTests.swift */ = {isa = PBXFileReference; lastKnownFileType = sourcecode.swift; path = AppFlowCoordinatorTests.swift; sourceTree = "<group>"; };
		49C364D32FEE400100C1F5DE /* AppFlowCoordinator.swift */ = {isa = PBXFileReference; lastKnownFileType = sourcecode.swift; path = AppFlowCoordinator.swift; sourceTree = "<group>"; };
		49C364D52FEE500100C1F5DE /* OnboardingViewModelTests.swift */ = {isa = PBXFileReference; lastKnownFileType = sourcecode.swift; path = OnboardingViewModelTests.swift; sourceTree = "<group>"; };
		49C364D72FEE500100C1F5DE /* OnboardingViewModel.swift */ = {isa = PBXFileReference; lastKnownFileType = sourcecode.swift; path = OnboardingViewModel.swift; sourceTree = "<group>"; };
		49C364DA2FEE600100C1F5DE /* OnboardingComponentTests.swift */ = {isa = PBXFileReference; lastKnownFileType = sourcecode.swift; path = OnboardingComponentTests.swift; sourceTree = "<group>"; };
		49C364DC2FEE600100C1F5DE /* PepOnboardingProgress.swift */ = {isa = PBXFileReference; lastKnownFileType = sourcecode.swift; path = PepOnboardingProgress.swift; sourceTree = "<group>"; };
		49C364DE2FEE600100C1F5DE /* PepSelectionChip.swift */ = {isa = PBXFileReference; lastKnownFileType = sourcecode.swift; path = PepSelectionChip.swift; sourceTree = "<group>"; };
		49C364E02FEE600100C1F5DE /* OnboardingScaffold.swift */ = {isa = PBXFileReference; lastKnownFileType = sourcecode.swift; path = OnboardingScaffold.swift; sourceTree = "<group>"; };
		49C364E32FEE700100C1F5DE /* OnboardingBaselineFlowTests.swift */ = {isa = PBXFileReference; lastKnownFileType = sourcecode.swift; path = OnboardingBaselineFlowTests.swift; sourceTree = "<group>"; };
		49C364E52FEE700100C1F5DE /* OnboardingIntroView.swift */ = {isa = PBXFileReference; lastKnownFileType = sourcecode.swift; path = OnboardingIntroView.swift; sourceTree = "<group>"; };
		49C364E72FEE700100C1F5DE /* BaselineStepsView.swift */ = {isa = PBXFileReference; lastKnownFileType = sourcecode.swift; path = BaselineStepsView.swift; sourceTree = "<group>"; };
		49C364E92FEE700100C1F5DE /* OnboardingFlowView.swift */ = {isa = PBXFileReference; lastKnownFileType = sourcecode.swift; path = OnboardingFlowView.swift; sourceTree = "<group>"; };
		49C364EB2FEE800100C1F5DE /* OnboardingQuestionnaireStepsTests.swift */ = {isa = PBXFileReference; lastKnownFileType = sourcecode.swift; path = OnboardingQuestionnaireStepsTests.swift; sourceTree = "<group>"; };
		49C364ED2FEE900100C1F5DE /* PeptideCatalog.swift */ = {isa = PBXFileReference; lastKnownFileType = sourcecode.swift; path = PeptideCatalog.swift; sourceTree = "<group>"; };
		49C364EF2FEE900100C1F5DE /* PeptidesStepView.swift */ = {isa = PBXFileReference; lastKnownFileType = sourcecode.swift; path = PeptidesStepView.swift; sourceTree = "<group>"; };
		49C364F12FEE900100C1F5DE /* MedicationsStepView.swift */ = {isa = PBXFileReference; lastKnownFileType = sourcecode.swift; path = MedicationsStepView.swift; sourceTree = "<group>"; };
		49C364F32FEE900100C1F5DE /* WorkoutStepView.swift */ = {isa = PBXFileReference; lastKnownFileType = sourcecode.swift; path = WorkoutStepView.swift; sourceTree = "<group>"; };
		49C364F52FEE900100C1F5DE /* GoalsStepView.swift */ = {isa = PBXFileReference; lastKnownFileType = sourcecode.swift; path = GoalsStepView.swift; sourceTree = "<group>"; };
		49C364F72FEEA00100C1F5DE /* HealthPermissionView.swift */ = {isa = PBXFileReference; lastKnownFileType = sourcecode.swift; path = HealthPermissionView.swift; sourceTree = "<group>"; };
		49C364F92FEEA00100C1F5DE /* NotificationPermissionView.swift */ = {isa = PBXFileReference; lastKnownFileType = sourcecode.swift; path = NotificationPermissionView.swift; sourceTree = "<group>"; };
		49C364FB2FEEA00100C1F5DE /* ReadySummaryView.swift */ = {isa = PBXFileReference; lastKnownFileType = sourcecode.swift; path = ReadySummaryView.swift; sourceTree = "<group>"; };
		49E6E4422FE4EA64003B96CE /* LaunchScreen.storyboard */ = {isa = PBXFileReference; lastKnownFileType = file.storyboard; path = LaunchScreen.storyboard; sourceTree = "<group>"; };
		A2C900012607230100000001 /* AppLockCoordinatorTests.swift */ = {isa = PBXFileReference; lastKnownFileType = sourcecode.swift; path = AppLockCoordinatorTests.swift; sourceTree = "<group>"; };
		A2CA00012607230200000001 /* DataExportViewModelTests.swift */ = {isa = PBXFileReference; lastKnownFileType = sourcecode.swift; path = DataExportViewModelTests.swift; sourceTree = "<group>"; };
		A2CB00012607231400000001 /* AccountSecurityViewModelTests.swift */ = {isa = PBXFileReference; lastKnownFileType = sourcecode.swift; path = AccountSecurityViewModelTests.swift; sourceTree = "<group>"; };
		A2CB00032607231400000003 /* HelpAboutTests.swift */ = {isa = PBXFileReference; lastKnownFileType = sourcecode.swift; path = HelpAboutTests.swift; sourceTree = "<group>"; };
		A2CB01012607231400000101 /* InAppBrowserView.swift */ = {isa = PBXFileReference; lastKnownFileType = sourcecode.swift; path = InAppBrowserView.swift; sourceTree = "<group>"; };
		A2CB02012607231400000201 /* AccountSecurityViewModel.swift */ = {isa = PBXFileReference; lastKnownFileType = sourcecode.swift; path = AccountSecurityViewModel.swift; sourceTree = "<group>"; };
		A2CB03012607231400000301 /* SecurityPrivacyView.swift */ = {isa = PBXFileReference; lastKnownFileType = sourcecode.swift; path = SecurityPrivacyView.swift; sourceTree = "<group>"; };
		A2CB03032607231400000303 /* ChangePasswordView.swift */ = {isa = PBXFileReference; lastKnownFileType = sourcecode.swift; path = ChangePasswordView.swift; sourceTree = "<group>"; };
		A2CB03052607231400000305 /* DeleteAccountView.swift */ = {isa = PBXFileReference; lastKnownFileType = sourcecode.swift; path = DeleteAccountView.swift; sourceTree = "<group>"; };
		A2CB03072607231400000307 /* HelpAboutView.swift */ = {isa = PBXFileReference; lastKnownFileType = sourcecode.swift; path = HelpAboutView.swift; sourceTree = "<group>"; };
		A2CB03092607231400000309 /* MedicalDisclaimerView.swift */ = {isa = PBXFileReference; lastKnownFileType = sourcecode.swift; path = MedicalDisclaimerView.swift; sourceTree = "<group>"; };
		A2CA01012607230200000101 /* ExportFileService.swift */ = {isa = PBXFileReference; lastKnownFileType = sourcecode.swift; path = ExportFileService.swift; sourceTree = "<group>"; };
		A2CA01032607230200000103 /* DataExportViewModel.swift */ = {isa = PBXFileReference; lastKnownFileType = sourcecode.swift; path = DataExportViewModel.swift; sourceTree = "<group>"; };
		A2CA01062607230200000106 /* DataExportView.swift */ = {isa = PBXFileReference; lastKnownFileType = sourcecode.swift; path = DataExportView.swift; sourceTree = "<group>"; };
		A2CA01082607230200000108 /* ActivityView.swift */ = {isa = PBXFileReference; lastKnownFileType = sourcecode.swift; path = ActivityView.swift; sourceTree = "<group>"; };
		A2C901012607230100000001 /* AppLockService.swift */ = {isa = PBXFileReference; lastKnownFileType = sourcecode.swift; path = AppLockService.swift; sourceTree = "<group>"; };
		A2C901032607230100000003 /* AppLockPreferences.swift */ = {isa = PBXFileReference; lastKnownFileType = sourcecode.swift; path = AppLockPreferences.swift; sourceTree = "<group>"; };
		A2C901052607230100000005 /* AppLockCoordinator.swift */ = {isa = PBXFileReference; lastKnownFileType = sourcecode.swift; path = AppLockCoordinator.swift; sourceTree = "<group>"; };
		A2C901082607230100000008 /* AppLockCoverView.swift */ = {isa = PBXFileReference; lastKnownFileType = sourcecode.swift; path = AppLockCoverView.swift; sourceTree = "<group>"; };
/* End PBXFileReference section */

/* Begin PBXFrameworksBuildPhase section */
		49C363B72FD4D81900C1F5DE /* Frameworks */ = {
			isa = PBXFrameworksBuildPhase;
			buildActionMask = 2147483647;
			files = (
			);
			runOnlyForDeploymentPostprocessing = 0;
		};
		49C364B32FEE000100C1F5DE /* Frameworks */ = {
			isa = PBXFrameworksBuildPhase;
			buildActionMask = 2147483647;
			files = (
			);
			runOnlyForDeploymentPostprocessing = 0;
		};
/* End PBXFrameworksBuildPhase section */

/* Begin PBXGroup section */
		49C363B12FD4D81900C1F5DE = {
			isa = PBXGroup;
			children = (
				49E6E4422FE4EA64003B96CE /* LaunchScreen.storyboard */,
				49C364782FD4DE4B00C1F5DE /* App */,
				49C364812FD4DE4B00C1F5DE /* Core */,
				49C3648D2FD4DE4B00C1F5DE /* Design */,
				49C364932FD4DE4B00C1F5DE /* Features */,
				49C364B62FEE000100C1F5DE /* peppyTests */,
				49C364CC2FEE300100C1F5DE /* peppy.entitlements */,
				49C363BB2FD4D81900C1F5DE /* Products */,
			);
			sourceTree = "<group>";
		};
		49C363BB2FD4D81900C1F5DE /* Products */ = {
			isa = PBXGroup;
			children = (
				49C363BA2FD4D81900C1F5DE /* peppy.app */,
				49C364B22FEE000100C1F5DE /* peppyTests.xctest */,
			);
			name = Products;
			sourceTree = "<group>";
		};
		49C364782FD4DE4B00C1F5DE /* App */ = {
			isa = PBXGroup;
			children = (
				49C364D32FEE400100C1F5DE /* AppFlowCoordinator.swift */,
				49C364732FD4DE4B00C1F5DE /* AppState.swift */,
				49C364742FD4DE4B00C1F5DE /* Dependencies.swift */,
				49C364752FD4DE4B00C1F5DE /* MainTabView.swift */,
				49C364762FD4DE4B00C1F5DE /* PeppyApp.swift */,
				A2C8100E260723000000000E /* PeppyAppDelegate.swift */,
				49C364772FD4DE4B00C1F5DE /* RootView.swift */,
			);
			path = App;
			sourceTree = "<group>";
		};
		49C3647E2FD4DE4B00C1F5DE /* Network */ = {
			isa = PBXGroup;
			children = (
				49C364792FD4DE4B00C1F5DE /* APIClient.swift */,
				49C3647A2FD4DE4B00C1F5DE /* APIError.swift */,
				49C3647B2FD4DE4B00C1F5DE /* APIModels.swift */,
				49C3647C2FD4DE4B00C1F5DE /* Endpoint.swift */,
				49C3647D2FD4DE4B00C1F5DE /* MockAPIClient.swift */,
				A2C500012607210000000001 /* SettingsAPIModels.swift */,
			);
			path = Network;
			sourceTree = "<group>";
		};
		49C364802FD4DE4B00C1F5DE /* Storage */ = {
			isa = PBXGroup;
			children = (
				49C3647F2FD4DE4B00C1F5DE /* KeychainService.swift */,
				49C364C42FEE200100C1F5DE /* OnboardingStore.swift */,
				A2C200012607170000000001 /* WeightUnitPreferenceStore.swift */,
			);
			path = Storage;
			sourceTree = "<group>";
		};
		49C364812FD4DE4B00C1F5DE /* Core */ = {
			isa = PBXGroup;
			children = (
				A2CB01032607231400000103 /* Browser */,
				49C364F62FEE900100C1F5DE /* Data */,
				A2CA01052607230200000105 /* Export */,
				49C3647E2FD4DE4B00C1F5DE /* Network */,
				A2C810072607230000000007 /* Notifications */,
				49C364CB2FEE300100C1F5DE /* Permissions */,
				A2C901072607230100000007 /* Security */,
				49C364802FD4DE4B00C1F5DE /* Storage */,
			);
			path = Core;
			sourceTree = "<group>";
		};
		A2CB01032607231400000103 /* Browser */ = {
			isa = PBXGroup;
			children = (
				A2CB01012607231400000101 /* InAppBrowserView.swift */,
			);
			path = Browser;
			sourceTree = "<group>";
		};
		A2CA01052607230200000105 /* Export */ = {
			isa = PBXGroup;
			children = (
				A2CA01012607230200000101 /* ExportFileService.swift */,
			);
			path = Export;
			sourceTree = "<group>";
		};
		A2C901072607230100000007 /* Security */ = {
			isa = PBXGroup;
			children = (
				A2C901052607230100000005 /* AppLockCoordinator.swift */,
				A2C901032607230100000003 /* AppLockPreferences.swift */,
				A2C901012607230100000001 /* AppLockService.swift */,
			);
			path = Security;
			sourceTree = "<group>";
		};
		A2C810072607230000000007 /* Notifications */ = {
			isa = PBXGroup;
			children = (
				A2C810012607230000000001 /* DoseScheduleCalculator.swift */,
				A2C810032607230000000003 /* LocalNotificationScheduler.swift */,
				A2C810052607230000000005 /* PushRegistrationCoordinator.swift */,
			);
			path = Notifications;
			sourceTree = "<group>";
		};
		49C364892FD4DE4B00C1F5DE /* Components */ = {
			isa = PBXGroup;
			children = (
				49C364822FD4DE4B00C1F5DE /* PepBadge.swift */,
				49C364832FD4DE4B00C1F5DE /* PepButton.swift */,
				49C364842FD4DE4B00C1F5DE /* PepCard.swift */,
				49C364852FD4DE4B00C1F5DE /* PepEmptyState.swift */,
				49C364862FD4DE4B00C1F5DE /* PepLoadingView.swift */,
				49C364DC2FEE600100C1F5DE /* PepOnboardingProgress.swift */,
				49C364DE2FEE600100C1F5DE /* PepSelectionChip.swift */,
				49C364872FD4DE4B00C1F5DE /* PepTextField.swift */,
				49C364882FD4DE4B00C1F5DE /* PepToast.swift */,
				49C364AC2FDCFBCD00C1F5DE /* PeppyLogo.swift */,
			);
			path = Components;
			sourceTree = "<group>";
		};
		49C3648D2FD4DE4B00C1F5DE /* Design */ = {
			isa = PBXGroup;
			children = (
				49C364892FD4DE4B00C1F5DE /* Components */,
				49C3648A2FD4DE4B00C1F5DE /* Colors.swift */,
				49C3648B2FD4DE4B00C1F5DE /* Spacing.swift */,
				49C3648C2FD4DE4B00C1F5DE /* Typography.swift */,
				49C364AE2FDCFD9400C1F5DE /* Assets 2.xcassets */,
			);
			path = Design;
			sourceTree = "<group>";
		};
		49C364912FD4DE4B00C1F5DE /* Views */ = {
			isa = PBXGroup;
			children = (
				49C3648E2FD4DE4B00C1F5DE /* LoginView.swift */,
				49C3648F2FD4DE4B00C1F5DE /* RegisterView.swift */,
				49C364902FD4DE4B00C1F5DE /* WelcomeView.swift */,
			);
			path = Views;
			sourceTree = "<group>";
		};
		49C364922FD4DE4B00C1F5DE /* Auth */ = {
			isa = PBXGroup;
			children = (
				49C364912FD4DE4B00C1F5DE /* Views */,
			);
			path = Auth;
			sourceTree = "<group>";
		};
		49C364932FD4DE4B00C1F5DE /* Features */ = {
			isa = PBXGroup;
			children = (
				49C364922FD4DE4B00C1F5DE /* Auth */,
				49C365262FF000700C1F5DE /* Checkins */,
				49C365082FF000300C1F5DE /* Dashboard */,
				49C365762FF001600C1F5DE /* Insights */,
				49C364BF2FEE100100C1F5DE /* Onboarding */,
				49C365162FF000600C1F5DE /* Protocols */,
				A2C6000D260722000000000D /* Settings */,
			);
			path = Features;
			sourceTree = "<group>";
		};
		A2C6000D260722000000000D /* Settings */ = {
			isa = PBXGroup;
			children = (
				A2C6000E260722000000000E /* Models */,
				A2C6000F260722000000000F /* Stores */,
				A2C700092607220000000009 /* ViewModels */,
				A2C600102607220000000010 /* Views */,
			);
			path = Settings;
			sourceTree = "<group>";
		};
		A2C6000E260722000000000E /* Models */ = {
			isa = PBXGroup;
			children = (
				A2C600052607220000000005 /* SettingsModels.swift */,
			);
			path = Models;
			sourceTree = "<group>";
		};
		A2C6000F260722000000000F /* Stores */ = {
			isa = PBXGroup;
			children = (
				A2C600072607220000000007 /* SettingsStore.swift */,
			);
			path = Stores;
			sourceTree = "<group>";
		};
		A2C700092607220000000009 /* ViewModels */ = {
			isa = PBXGroup;
			children = (
				A2CB02012607231400000201 /* AccountSecurityViewModel.swift */,
				A2CA01032607230200000103 /* DataExportViewModel.swift */,
				A2C810082607230000000008 /* NotificationSettingsViewModel.swift */,
				A2C700032607220000000003 /* ProfileSettingsViewModel.swift */,
			);
			path = ViewModels;
			sourceTree = "<group>";
		};
		A2C600102607220000000010 /* Views */ = {
			isa = PBXGroup;
			children = (
				A2CA01082607230200000108 /* ActivityView.swift */,
				A2C901082607230100000008 /* AppLockCoverView.swift */,
				A2CB03032607231400000303 /* ChangePasswordView.swift */,
				A2CA01062607230200000106 /* DataExportView.swift */,
				A2CB03052607231400000305 /* DeleteAccountView.swift */,
				A2CB03072607231400000307 /* HelpAboutView.swift */,
				A2CB03092607231400000309 /* MedicalDisclaimerView.swift */,
				A2C8100A260723000000000A /* NotificationSettingsView.swift */,
				A2C8100C260723000000000C /* ReminderSetupSheets.swift */,
				A2C700072607220000000007 /* ProfileEditorSheets.swift */,
				A2C700052607220000000005 /* ProfileSettingsView.swift */,
				A2CB03012607231400000301 /* SecurityPrivacyView.swift */,
				A2C600092607220000000009 /* SettingsComponents.swift */,
				A2C6000B260722000000000B /* SettingsRootView.swift */,
			);
			path = Views;
			sourceTree = "<group>";
		};
		49C364B62FEE000100C1F5DE /* peppyTests */ = {
			isa = PBXGroup;
			children = (
				A2CB00012607231400000001 /* AccountSecurityViewModelTests.swift */,
				A2C900012607230100000001 /* AppLockCoordinatorTests.swift */,
				A2CA00012607230200000001 /* DataExportViewModelTests.swift */,
				49C364D12FEE400100C1F5DE /* AppFlowCoordinatorTests.swift */,
				49C365212FF000700C1F5DE /* CheckinViewModelTests.swift */,
				49C3654A2FF000B00C1F5DE /* CompoundEditorViewModelTests.swift */,
				49C3656A2FF001100C1F5DE /* DoseLogViewModelTests.swift */,
				49C364E32FEE700100C1F5DE /* OnboardingBaselineFlowTests.swift */,
				49C364DA2FEE600100C1F5DE /* OnboardingComponentTests.swift */,
				49C365032FF000200C1F5DE /* DashboardViewModelTests.swift */,
				49C365712FF001300C1F5DE /* InsightAPIModelsTests.swift */,
				49C3658B2FF001800C1F5DE /* InsightDetailViewModelTests.swift */,
				49C365802FF001700C1F5DE /* InsightsListViewModelTests.swift */,
				49C365732FF001400C1F5DE /* InsightsStoreTests.swift */,
				49C364B12FEE000100C1F5DE /* OnboardingDraftTests.swift */,
				49C364EB2FEE800100C1F5DE /* OnboardingQuestionnaireStepsTests.swift */,
				49C364C22FEE200100C1F5DE /* OnboardingStoreTests.swift */,
				49C364D52FEE500100C1F5DE /* OnboardingViewModelTests.swift */,
				49C364C62FEE300100C1F5DE /* PermissionServiceTests.swift */,
				49C365012FF000100C1F5DE /* ProfileAttachTests.swift */,
				49C365642FF000F00C1F5DE /* ProtocolDetailViewModelTests.swift */,
				49C3654C2FF000B00C1F5DE /* ProtocolEditorViewModelTests.swift */,
				49C365522FF000D00C1F5DE /* ProtocolListViewModelTests.swift */,
				49C3656C2FF001200C1F5DE /* ProtocolNavigationTests.swift */,
				49C365412FF000900C1F5DE /* ProtocolStoreTests.swift */,
				A2C500032607210000000003 /* SettingsAPIContractTests.swift */,
				A2C600032607220000000003 /* SettingsNavigationTests.swift */,
				A2C600012607220000000001 /* SettingsStoreTests.swift */,
				A2C700012607220000000001 /* ProfileSettingsViewModelTests.swift */,
				A2C800012607230000000001 /* NotificationSettingsTests.swift */,
				49C365112FF000500C1F5DE /* StarterProtocolViewModelTests.swift */,
				49C3658E2FF001900C1F5DE /* WeeklySummaryViewModelTests.swift */,
				A2CB00032607231400000003 /* HelpAboutTests.swift */,
			);
			path = peppyTests;
			sourceTree = "<group>";
		};
		49C364BF2FEE100100C1F5DE /* Onboarding */ = {
			isa = PBXGroup;
			children = (
				49C364C02FEE100100C1F5DE /* Models */,
				49C364D82FEE500100C1F5DE /* ViewModels */,
				49C364E12FEE600100C1F5DE /* Views */,
			);
			path = Onboarding;
			sourceTree = "<group>";
		};
		49C365082FF000300C1F5DE /* Dashboard */ = {
			isa = PBXGroup;
			children = (
				49C365092FF000300C1F5DE /* Models */,
				49C3650A2FF000300C1F5DE /* ViewModels */,
				49C3650F2FF000400C1F5DE /* Views */,
			);
			path = Dashboard;
			sourceTree = "<group>";
		};
		49C365092FF000300C1F5DE /* Models */ = {
			isa = PBXGroup;
			children = (
				49C365052FF000300C1F5DE /* DashboardModels.swift */,
			);
			path = Models;
			sourceTree = "<group>";
		};
		49C3650A2FF000300C1F5DE /* ViewModels */ = {
			isa = PBXGroup;
			children = (
				49C365072FF000300C1F5DE /* DashboardViewModel.swift */,
			);
			path = ViewModels;
			sourceTree = "<group>";
		};
		49C3650F2FF000400C1F5DE /* Views */ = {
			isa = PBXGroup;
			children = (
				49C3650C2FF000400C1F5DE /* DashboardCards.swift */,
				49C3650E2FF000400C1F5DE /* DashboardView.swift */,
			);
			path = Views;
			sourceTree = "<group>";
		};
		49C365162FF000600C1F5DE /* Protocols */ = {
			isa = PBXGroup;
			children = (
				49C365442FF000900C1F5DE /* Models */,
				49C365482FF000A00C1F5DE /* Stores */,
				49C365172FF000600C1F5DE /* ViewModels */,
				49C365182FF000600C1F5DE /* Views */,
			);
			path = Protocols;
			sourceTree = "<group>";
		};
		49C365762FF001600C1F5DE /* Insights */ = {
			isa = PBXGroup;
			children = (
				49C365822FF001700C1F5DE /* Models */,
				49C365772FF001600C1F5DE /* Stores */,
				49C365832FF001700C1F5DE /* ViewModels */,
				49C365842FF001700C1F5DE /* Views */,
			);
			path = Insights;
			sourceTree = "<group>";
		};
		49C365772FF001600C1F5DE /* Stores */ = {
			isa = PBXGroup;
			children = (
				49C365752FF001500C1F5DE /* InsightsStore.swift */,
			);
			path = Stores;
			sourceTree = "<group>";
		};
		49C365822FF001700C1F5DE /* Models */ = {
			isa = PBXGroup;
			children = (
				49C365782FF001700C1F5DE /* InsightModels.swift */,
			);
			path = Models;
			sourceTree = "<group>";
		};
		49C365832FF001700C1F5DE /* ViewModels */ = {
			isa = PBXGroup;
			children = (
				49C365852FF001800C1F5DE /* InsightDetailViewModel.swift */,
				49C3657A2FF001700C1F5DE /* InsightsListViewModel.swift */,
				49C3658F2FF001900C1F5DE /* WeeklySummaryViewModel.swift */,
			);
			path = ViewModels;
			sourceTree = "<group>";
		};
		49C365842FF001700C1F5DE /* Views */ = {
			isa = PBXGroup;
			children = (
				49C365872FF001800C1F5DE /* ConfidenceRing.swift */,
				49C3657C2FF001700C1F5DE /* InsightCardView.swift */,
				49C365892FF001800C1F5DE /* InsightDetailView.swift */,
				49C3657E2FF001700C1F5DE /* InsightsListView.swift */,
				49C365912FF001900C1F5DE /* WeeklySummaryView.swift */,
			);
			path = Views;
			sourceTree = "<group>";
		};
		49C365442FF000900C1F5DE /* Models */ = {
			isa = PBXGroup;
			children = (
				49C365542FF000E00C1F5DE /* ProtocolRoute.swift */,
				49C365432FF000900C1F5DE /* ProtocolModels.swift */,
			);
			path = Models;
			sourceTree = "<group>";
		};
		49C365482FF000A00C1F5DE /* Stores */ = {
			isa = PBXGroup;
			children = (
				49C365472FF000A00C1F5DE /* ProtocolStore.swift */,
			);
			path = Stores;
			sourceTree = "<group>";
		};
		49C365172FF000600C1F5DE /* ViewModels */ = {
			isa = PBXGroup;
			children = (
				49C3654E2FF000C00C1F5DE /* CompoundEditorViewModel.swift */,
				49C3656C2FF001100C1F5DE /* DoseLogViewModel.swift */,
				49C3655E2FF000F00C1F5DE /* ProtocolDetailViewModel.swift */,
				49C365562FF000E00C1F5DE /* ProtocolListViewModel.swift */,
				49C365502FF000C00C1F5DE /* ProtocolEditorViewModel.swift */,
				49C365132FF000600C1F5DE /* StarterProtocolViewModel.swift */,
			);
			path = ViewModels;
			sourceTree = "<group>";
		};
		49C365182FF000600C1F5DE /* Views */ = {
			isa = PBXGroup;
			children = (
				49C365682FF001000C1F5DE /* CompoundEditorView.swift */,
				49C3656E2FF001100C1F5DE /* DoseLogView.swift */,
				49C365622FF000F00C1F5DE /* ProtocolComponents.swift */,
				49C365602FF000F00C1F5DE /* ProtocolDetailView.swift */,
				49C365662FF001000C1F5DE /* ProtocolEditorView.swift */,
				49C3655A2FF000E00C1F5DE /* ProtocolListView.swift */,
				49C3655C2FF000E00C1F5DE /* ProtocolRow.swift */,
				49C365582FF000E00C1F5DE /* ProtocolsRootView.swift */,
				49C365152FF000600C1F5DE /* StarterProtocolSetupView.swift */,
			);
			path = Views;
			sourceTree = "<group>";
		};
		49C365262FF000700C1F5DE /* Checkins */ = {
			isa = PBXGroup;
			children = (
				A2C400032607170000000003 /* Models */,
				A2C300032607170000000003 /* Stores */,
				49C365272FF000700C1F5DE /* ViewModels */,
				49C365282FF000700C1F5DE /* Views */,
			);
			path = Checkins;
			sourceTree = "<group>";
		};
		A2C300032607170000000003 /* Stores */ = {
			isa = PBXGroup;
			children = (
				A2C300012607170000000001 /* CheckinStore.swift */,
			);
			path = Stores;
			sourceTree = "<group>";
		};
		A2C400032607170000000003 /* Models */ = {
			isa = PBXGroup;
			children = (
				A2C400012607170000000001 /* CheckinModels.swift */,
			);
			path = Models;
			sourceTree = "<group>";
		};
		49C365272FF000700C1F5DE /* ViewModels */ = {
			isa = PBXGroup;
			children = (
				49C365232FF000700C1F5DE /* CheckinViewModel.swift */,
				A2C400042607170000000004 /* CheckinHubViewModel.swift */,
			);
			path = ViewModels;
			sourceTree = "<group>";
		};
		49C365282FF000700C1F5DE /* Views */ = {
			isa = PBXGroup;
			children = (
				49C365252FF000700C1F5DE /* CheckinView.swift */,
				A2C400062607170000000006 /* CheckinHubView.swift */,
			);
			path = Views;
			sourceTree = "<group>";
		};
		49C364C02FEE100100C1F5DE /* Models */ = {
			isa = PBXGroup;
			children = (
				49C364BE2FEE100100C1F5DE /* OnboardingDraft.swift */,
			);
			path = Models;
			sourceTree = "<group>";
		};
		49C364CB2FEE300100C1F5DE /* Permissions */ = {
			isa = PBXGroup;
			children = (
				49C364CE2FEE300100C1F5DE /* PermissionOutcome.swift */,
				49C364C82FEE300100C1F5DE /* HealthKitService.swift */,
				49C364CA2FEE300100C1F5DE /* NotificationPermissionService.swift */,
			);
			path = Permissions;
			sourceTree = "<group>";
		};
		49C364D82FEE500100C1F5DE /* ViewModels */ = {
			isa = PBXGroup;
			children = (
				49C364D72FEE500100C1F5DE /* OnboardingViewModel.swift */,
			);
			path = ViewModels;
			sourceTree = "<group>";
		};
		49C364E12FEE600100C1F5DE /* Views */ = {
			isa = PBXGroup;
			children = (
				49C364E72FEE700100C1F5DE /* BaselineStepsView.swift */,
				49C364F52FEE900100C1F5DE /* GoalsStepView.swift */,
				49C364F72FEEA00100C1F5DE /* HealthPermissionView.swift */,
				49C364F12FEE900100C1F5DE /* MedicationsStepView.swift */,
				49C364F92FEEA00100C1F5DE /* NotificationPermissionView.swift */,
				49C364E92FEE700100C1F5DE /* OnboardingFlowView.swift */,
				49C364E52FEE700100C1F5DE /* OnboardingIntroView.swift */,
				49C364E02FEE600100C1F5DE /* OnboardingScaffold.swift */,
				49C364EF2FEE900100C1F5DE /* PeptidesStepView.swift */,
				49C364FB2FEEA00100C1F5DE /* ReadySummaryView.swift */,
				49C364F32FEE900100C1F5DE /* WorkoutStepView.swift */,
			);
			path = Views;
			sourceTree = "<group>";
		};
		49C364F62FEE900100C1F5DE /* Data */ = {
			isa = PBXGroup;
			children = (
				49C364ED2FEE900100C1F5DE /* PeptideCatalog.swift */,
			);
			path = Data;
			sourceTree = "<group>";
		};
/* End PBXGroup section */

/* Begin PBXNativeTarget section */
		49C363B92FD4D81900C1F5DE /* peppy */ = {
			isa = PBXNativeTarget;
			buildConfigurationList = 49C363C52FD4D81B00C1F5DE /* Build configuration list for PBXNativeTarget "peppy" */;
			buildPhases = (
				49C363B62FD4D81900C1F5DE /* Sources */,
				49C363B72FD4D81900C1F5DE /* Frameworks */,
				49C363B82FD4D81900C1F5DE /* Resources */,
			);
			buildRules = (
			);
			dependencies = (
			);
			name = peppy;
			packageProductDependencies = (
			);
			productName = peppy;
			productReference = 49C363BA2FD4D81900C1F5DE /* peppy.app */;
			productType = "com.apple.product-type.application";
		};
		49C364B72FEE000100C1F5DE /* peppyTests */ = {
			isa = PBXNativeTarget;
			buildConfigurationList = 49C364BC2FEE000100C1F5DE /* Build configuration list for PBXNativeTarget "peppyTests" */;
			buildPhases = (
				49C364B52FEE000100C1F5DE /* Sources */,
				49C364B32FEE000100C1F5DE /* Frameworks */,
				49C364B42FEE000100C1F5DE /* Resources */,
			);
			buildRules = (
			);
			dependencies = (
				49C364B82FEE000100C1F5DE /* PBXTargetDependency */,
			);
			name = peppyTests;
			packageProductDependencies = (
			);
			productName = peppyTests;
			productReference = 49C364B22FEE000100C1F5DE /* peppyTests.xctest */;
			productType = "com.apple.product-type.bundle.unit-test";
		};
/* End PBXNativeTarget section */

/* Begin PBXProject section */
		49C363B22FD4D81900C1F5DE /* Project object */ = {
			isa = PBXProject;
			attributes = {
				BuildIndependentTargetsInParallel = 1;
				LastSwiftUpdateCheck = 2650;
				LastUpgradeCheck = 2650;
				TargetAttributes = {
					49C363B92FD4D81900C1F5DE = {
						CreatedOnToolsVersion = 26.5;
						SystemCapabilities = {
							com.apple.Push = {
								enabled = 1;
							};
							com.apple.HealthKit = {
								enabled = 1;
							};
						};
					};
					49C364B72FEE000100C1F5DE = {
						CreatedOnToolsVersion = 26.5;
						TestTargetID = 49C363B92FD4D81900C1F5DE;
					};
				};
			};
			buildConfigurationList = 49C363B52FD4D81900C1F5DE /* Build configuration list for PBXProject "peppy" */;
			developmentRegion = en;
			hasScannedForEncodings = 0;
			knownRegions = (
				en,
				Base,
			);
			mainGroup = 49C363B12FD4D81900C1F5DE;
			minimizedProjectReferenceProxies = 1;
			preferredProjectObjectVersion = 77;
			productRefGroup = 49C363BB2FD4D81900C1F5DE /* Products */;
			projectDirPath = "";
			projectRoot = "";
			targets = (
				49C363B92FD4D81900C1F5DE /* peppy */,
				49C364B72FEE000100C1F5DE /* peppyTests */,
			);
		};
/* End PBXProject section */

/* Begin PBXResourcesBuildPhase section */
		49C363B82FD4D81900C1F5DE /* Resources */ = {
			isa = PBXResourcesBuildPhase;
			buildActionMask = 2147483647;
			files = (
				49C364AF2FDCFD9400C1F5DE /* Assets 2.xcassets in Resources */,
				49E6E4432FE4EA64003B96CE /* LaunchScreen.storyboard in Resources */,
			);
			runOnlyForDeploymentPostprocessing = 0;
		};
		49C364B42FEE000100C1F5DE /* Resources */ = {
			isa = PBXResourcesBuildPhase;
			buildActionMask = 2147483647;
			files = (
			);
			runOnlyForDeploymentPostprocessing = 0;
		};
/* End PBXResourcesBuildPhase section */

/* Begin PBXSourcesBuildPhase section */
		49C363B62FD4D81900C1F5DE /* Sources */ = {
			isa = PBXSourcesBuildPhase;
			buildActionMask = 2147483647;
			files = (
				49C364942FD4DE7E00C1F5DE /* AppState.swift in Sources */,
				49C364952FD4DE7E00C1F5DE /* Dependencies.swift in Sources */,
				49C364962FD4DE7E00C1F5DE /* MainTabView.swift in Sources */,
				49C364972FD4DE7E00C1F5DE /* PeppyApp.swift in Sources */,
				49C364982FD4DE7E00C1F5DE /* RootView.swift in Sources */,
				49C364992FD4DE7E00C1F5DE /* APIClient.swift in Sources */,
				49C364AD2FDCFBCD00C1F5DE /* PeppyLogo.swift in Sources */,
				49C3649A2FD4DE7E00C1F5DE /* APIError.swift in Sources */,
				49C3649B2FD4DE7E00C1F5DE /* APIModels.swift in Sources */,
				49C3649C2FD4DE7E00C1F5DE /* Endpoint.swift in Sources */,
				49C365042FF000300C1F5DE /* DashboardModels.swift in Sources */,
				49C365062FF000300C1F5DE /* DashboardViewModel.swift in Sources */,
				49C3650B2FF000400C1F5DE /* DashboardCards.swift in Sources */,
				49C3650D2FF000400C1F5DE /* DashboardView.swift in Sources */,
				49C365122FF000600C1F5DE /* StarterProtocolViewModel.swift in Sources */,
				49C3654D2FF000C00C1F5DE /* CompoundEditorViewModel.swift in Sources */,
				49C3655D2FF000F00C1F5DE /* ProtocolDetailViewModel.swift in Sources */,
				49C3655F2FF000F00C1F5DE /* ProtocolDetailView.swift in Sources */,
				49C365612FF000F00C1F5DE /* ProtocolComponents.swift in Sources */,
				49C365652FF001000C1F5DE /* ProtocolEditorView.swift in Sources */,
				49C365672FF001000C1F5DE /* CompoundEditorView.swift in Sources */,
				49C3654F2FF000C00C1F5DE /* ProtocolEditorViewModel.swift in Sources */,
				49C3656B2FF001100C1F5DE /* DoseLogViewModel.swift in Sources */,
				49C3656D2FF001100C1F5DE /* DoseLogView.swift in Sources */,
				49C365422FF000900C1F5DE /* ProtocolModels.swift in Sources */,
				49C365462FF000A00C1F5DE /* ProtocolStore.swift in Sources */,
				49C365742FF001500C1F5DE /* InsightsStore.swift in Sources */,
				49C365792FF001700C1F5DE /* InsightModels.swift in Sources */,
				49C3657B2FF001700C1F5DE /* InsightsListViewModel.swift in Sources */,
				49C3657D2FF001700C1F5DE /* InsightCardView.swift in Sources */,
				49C3657F2FF001700C1F5DE /* InsightsListView.swift in Sources */,
				49C365862FF001800C1F5DE /* InsightDetailViewModel.swift in Sources */,
				49C365882FF001800C1F5DE /* ConfidenceRing.swift in Sources */,
				49C3658A2FF001800C1F5DE /* InsightDetailView.swift in Sources */,
				49C365902FF001900C1F5DE /* WeeklySummaryViewModel.swift in Sources */,
				49C365922FF001900C1F5DE /* WeeklySummaryView.swift in Sources */,
				49C365532FF000E00C1F5DE /* ProtocolRoute.swift in Sources */,
				49C365552FF000E00C1F5DE /* ProtocolListViewModel.swift in Sources */,
				49C365572FF000E00C1F5DE /* ProtocolsRootView.swift in Sources */,
				49C365592FF000E00C1F5DE /* ProtocolListView.swift in Sources */,
				49C3655B2FF000E00C1F5DE /* ProtocolRow.swift in Sources */,
				49C365142FF000600C1F5DE /* StarterProtocolSetupView.swift in Sources */,
				49C365222FF000700C1F5DE /* CheckinViewModel.swift in Sources */,
				49C365242FF000700C1F5DE /* CheckinView.swift in Sources */,
				A2C300022607170000000002 /* CheckinStore.swift in Sources */,
				A2C400022607170000000002 /* CheckinModels.swift in Sources */,
				A2C400052607170000000005 /* CheckinHubViewModel.swift in Sources */,
				A2C400072607170000000007 /* CheckinHubView.swift in Sources */,
				49C3649D2FD4DE7E00C1F5DE /* MockAPIClient.swift in Sources */,
				A2C500022607210000000002 /* SettingsAPIModels.swift in Sources */,
				A2C600062607220000000006 /* SettingsModels.swift in Sources */,
				A2C600082607220000000008 /* SettingsStore.swift in Sources */,
				A2C6000A260722000000000A /* SettingsComponents.swift in Sources */,
				A2C6000C260722000000000C /* SettingsRootView.swift in Sources */,
				A2C700042607220000000004 /* ProfileSettingsViewModel.swift in Sources */,
				A2C700062607220000000006 /* ProfileSettingsView.swift in Sources */,
				A2C700082607220000000008 /* ProfileEditorSheets.swift in Sources */,
				A2C810022607230000000002 /* DoseScheduleCalculator.swift in Sources */,
				A2C810042607230000000004 /* LocalNotificationScheduler.swift in Sources */,
				A2C810062607230000000006 /* PushRegistrationCoordinator.swift in Sources */,
				A2C810092607230000000009 /* NotificationSettingsViewModel.swift in Sources */,
				A2C8100B260723000000000B /* NotificationSettingsView.swift in Sources */,
				A2C8100D260723000000000D /* ReminderSetupSheets.swift in Sources */,
				A2C8100F260723000000000F /* PeppyAppDelegate.swift in Sources */,
				A2C901022607230100000002 /* AppLockService.swift in Sources */,
				A2C901042607230100000004 /* AppLockPreferences.swift in Sources */,
				A2C901062607230100000006 /* AppLockCoordinator.swift in Sources */,
				A2C901092607230100000009 /* AppLockCoverView.swift in Sources */,
				A2CA01022607230200000102 /* ExportFileService.swift in Sources */,
				A2CA01042607230200000104 /* DataExportViewModel.swift in Sources */,
				A2CA01072607230200000107 /* DataExportView.swift in Sources */,
				A2CA01092607230200000109 /* ActivityView.swift in Sources */,
				A2CB01022607231400000102 /* InAppBrowserView.swift in Sources */,
				A2CB02022607231400000202 /* AccountSecurityViewModel.swift in Sources */,
				A2CB03022607231400000302 /* SecurityPrivacyView.swift in Sources */,
				A2CB03042607231400000304 /* ChangePasswordView.swift in Sources */,
				A2CB03062607231400000306 /* DeleteAccountView.swift in Sources */,
				A2CB03082607231400000308 /* HelpAboutView.swift in Sources */,
				A2CB030A260723140000030A /* MedicalDisclaimerView.swift in Sources */,
				49C3649E2FD4DE7E00C1F5DE /* KeychainService.swift in Sources */,
				A2C200022607170000000002 /* WeightUnitPreferenceStore.swift in Sources */,
				49C3649F2FD4DE7E00C1F5DE /* PepBadge.swift in Sources */,
				49C364C72FEE300100C1F5DE /* HealthKitService.swift in Sources */,
				49C364C32FEE200100C1F5DE /* OnboardingStore.swift in Sources */,
				49C364C92FEE300100C1F5DE /* NotificationPermissionService.swift in Sources */,
				49C364CD2FEE300100C1F5DE /* PermissionOutcome.swift in Sources */,
				49C364D22FEE400100C1F5DE /* AppFlowCoordinator.swift in Sources */,
				49C364D62FEE500100C1F5DE /* OnboardingViewModel.swift in Sources */,
				49C364A02FD4DE7E00C1F5DE /* PepButton.swift in Sources */,
				49C364A12FD4DE7E00C1F5DE /* PepCard.swift in Sources */,
				49C364A22FD4DE7E00C1F5DE /* PepEmptyState.swift in Sources */,
				49C364A32FD4DE7E00C1F5DE /* PepLoadingView.swift in Sources */,
				49C364DB2FEE600100C1F5DE /* PepOnboardingProgress.swift in Sources */,
				49C364DD2FEE600100C1F5DE /* PepSelectionChip.swift in Sources */,
				49C364E42FEE700100C1F5DE /* OnboardingIntroView.swift in Sources */,
				49C364A42FD4DE7E00C1F5DE /* PepTextField.swift in Sources */,
				49C364E62FEE700100C1F5DE /* BaselineStepsView.swift in Sources */,
				49C364F02FEE900100C1F5DE /* MedicationsStepView.swift in Sources */,
				49C364F42FEE900100C1F5DE /* GoalsStepView.swift in Sources */,
				49C364F62FEEA00100C1F5DE /* HealthPermissionView.swift in Sources */,
				49C364A52FD4DE7E00C1F5DE /* PepToast.swift in Sources */,
				49C364EC2FEE900100C1F5DE /* PeptideCatalog.swift in Sources */,
				49C364DF2FEE600100C1F5DE /* OnboardingScaffold.swift in Sources */,
				49C364E82FEE700100C1F5DE /* OnboardingFlowView.swift in Sources */,
				49C364F82FEEA00100C1F5DE /* NotificationPermissionView.swift in Sources */,
				49C364EE2FEE900100C1F5DE /* PeptidesStepView.swift in Sources */,
				49C364A62FD4DE7E00C1F5DE /* Colors.swift in Sources */,
				49C364FA2FEEA00100C1F5DE /* ReadySummaryView.swift in Sources */,
				49C364F22FEE900100C1F5DE /* WorkoutStepView.swift in Sources */,
				49C364A72FD4DE7E00C1F5DE /* Spacing.swift in Sources */,
				49C364A82FD4DE7E00C1F5DE /* Typography.swift in Sources */,
				49C364A92FD4DE7E00C1F5DE /* LoginView.swift in Sources */,
				49C364AA2FD4DE7E00C1F5DE /* RegisterView.swift in Sources */,
				49C364AB2FD4DE7E00C1F5DE /* WelcomeView.swift in Sources */,
				49C364BD2FEE100100C1F5DE /* OnboardingDraft.swift in Sources */,
			);
			runOnlyForDeploymentPostprocessing = 0;
		};
		49C364B52FEE000100C1F5DE /* Sources */ = {
			isa = PBXSourcesBuildPhase;
			buildActionMask = 2147483647;
			files = (
				A2CB00022607231400000002 /* AccountSecurityViewModelTests.swift in Sources */,
				A2C900022607230100000002 /* AppLockCoordinatorTests.swift in Sources */,
				A2CA00022607230200000002 /* DataExportViewModelTests.swift in Sources */,
				49C364D02FEE400100C1F5DE /* AppFlowCoordinatorTests.swift in Sources */,
				49C364E22FEE700100C1F5DE /* OnboardingBaselineFlowTests.swift in Sources */,
				49C364D92FEE600100C1F5DE /* OnboardingComponentTests.swift in Sources */,
				49C365022FF000200C1F5DE /* DashboardViewModelTests.swift in Sources */,
				49C364B02FEE000100C1F5DE /* OnboardingDraftTests.swift in Sources */,
				49C364EA2FEE800100C1F5DE /* OnboardingQuestionnaireStepsTests.swift in Sources */,
				49C364C12FEE200100C1F5DE /* OnboardingStoreTests.swift in Sources */,
				49C364D42FEE500100C1F5DE /* OnboardingViewModelTests.swift in Sources */,
				49C364C52FEE300100C1F5DE /* PermissionServiceTests.swift in Sources */,
				49C365002FF000100C1F5DE /* ProfileAttachTests.swift in Sources */,
				49C365102FF000500C1F5DE /* StarterProtocolViewModelTests.swift in Sources */,
				49C365402FF000900C1F5DE /* ProtocolStoreTests.swift in Sources */,
				49C365202FF000700C1F5DE /* CheckinViewModelTests.swift in Sources */,
				49C365492FF000B00C1F5DE /* CompoundEditorViewModelTests.swift in Sources */,
				49C365692FF001100C1F5DE /* DoseLogViewModelTests.swift in Sources */,
				49C3656B2FF001200C1F5DE /* ProtocolNavigationTests.swift in Sources */,
				49C365702FF001300C1F5DE /* InsightAPIModelsTests.swift in Sources */,
				49C365722FF001400C1F5DE /* InsightsStoreTests.swift in Sources */,
				49C365812FF001700C1F5DE /* InsightsListViewModelTests.swift in Sources */,
				49C3658C2FF001800C1F5DE /* InsightDetailViewModelTests.swift in Sources */,
				A2C500042607210000000004 /* SettingsAPIContractTests.swift in Sources */,
				A2C600042607220000000004 /* SettingsNavigationTests.swift in Sources */,
				A2C600022607220000000002 /* SettingsStoreTests.swift in Sources */,
				A2C700022607220000000002 /* ProfileSettingsViewModelTests.swift in Sources */,
				A2C800022607230000000002 /* NotificationSettingsTests.swift in Sources */,
				49C3658D2FF001900C1F5DE /* WeeklySummaryViewModelTests.swift in Sources */,
				49C365632FF000F00C1F5DE /* ProtocolDetailViewModelTests.swift in Sources */,
				49C3654B2FF000B00C1F5DE /* ProtocolEditorViewModelTests.swift in Sources */,
				49C365512FF000D00C1F5DE /* ProtocolListViewModelTests.swift in Sources */,
				A2CB00042607231400000004 /* HelpAboutTests.swift in Sources */,
			);
			runOnlyForDeploymentPostprocessing = 0;
		};
/* End PBXSourcesBuildPhase section */

/* Begin PBXTargetDependency section */
		49C364B82FEE000100C1F5DE /* PBXTargetDependency */ = {
			isa = PBXTargetDependency;
			target = 49C363B92FD4D81900C1F5DE /* peppy */;
			targetProxy = 49C364B92FEE000100C1F5DE /* PBXContainerItemProxy */;
		};
/* End PBXTargetDependency section */

/* Begin XCBuildConfiguration section */
		49C363C32FD4D81B00C1F5DE /* Debug */ = {
			isa = XCBuildConfiguration;
			buildSettings = {
				ALWAYS_SEARCH_USER_PATHS = NO;
				ASSETCATALOG_COMPILER_GENERATE_SWIFT_ASSET_SYMBOL_EXTENSIONS = YES;
				CLANG_ANALYZER_NONNULL = YES;
				CLANG_ANALYZER_NUMBER_OBJECT_CONVERSION = YES_AGGRESSIVE;
				CLANG_CXX_LANGUAGE_STANDARD = "gnu++20";
				CLANG_ENABLE_MODULES = YES;
				CLANG_ENABLE_OBJC_ARC = YES;
				CLANG_ENABLE_OBJC_WEAK = YES;
				CLANG_WARN_BLOCK_CAPTURE_AUTORELEASING = YES;
				CLANG_WARN_BOOL_CONVERSION = YES;
				CLANG_WARN_COMMA = YES;
				CLANG_WARN_CONSTANT_CONVERSION = YES;
				CLANG_WARN_DEPRECATED_OBJC_IMPLEMENTATIONS = YES;
				CLANG_WARN_DIRECT_OBJC_ISA_USAGE = YES_ERROR;
				CLANG_WARN_DOCUMENTATION_COMMENTS = YES;
				CLANG_WARN_EMPTY_BODY = YES;
				CLANG_WARN_ENUM_CONVERSION = YES;
				CLANG_WARN_INFINITE_RECURSION = YES;
				CLANG_WARN_INT_CONVERSION = YES;
				CLANG_WARN_NON_LITERAL_NULL_CONVERSION = YES;
				CLANG_WARN_OBJC_IMPLICIT_RETAIN_SELF = YES;
				CLANG_WARN_OBJC_LITERAL_CONVERSION = YES;
				CLANG_WARN_OBJC_ROOT_CLASS = YES_ERROR;
				CLANG_WARN_QUOTED_INCLUDE_IN_FRAMEWORK_HEADER = YES;
				CLANG_WARN_RANGE_LOOP_ANALYSIS = YES;
				CLANG_WARN_STRICT_PROTOTYPES = YES;
				CLANG_WARN_SUSPICIOUS_MOVE = YES;
				CLANG_WARN_UNGUARDED_AVAILABILITY = YES_AGGRESSIVE;
				CLANG_WARN_UNREACHABLE_CODE = YES;
				CLANG_WARN__DUPLICATE_METHOD_MATCH = YES;
				COPY_PHASE_STRIP = NO;
				DEBUG_INFORMATION_FORMAT = dwarf;
				DEVELOPMENT_TEAM = 8U5CH9W9C4;
				ENABLE_STRICT_OBJC_MSGSEND = YES;
				ENABLE_TESTABILITY = YES;
				ENABLE_USER_SCRIPT_SANDBOXING = YES;
				GCC_C_LANGUAGE_STANDARD = gnu17;
				GCC_DYNAMIC_NO_PIC = NO;
				GCC_NO_COMMON_BLOCKS = YES;
				GCC_OPTIMIZATION_LEVEL = 0;
				GCC_PREPROCESSOR_DEFINITIONS = (
					"DEBUG=1",
					"$(inherited)",
				);
				GCC_WARN_64_TO_32_BIT_CONVERSION = YES;
				GCC_WARN_ABOUT_RETURN_TYPE = YES_ERROR;
				GCC_WARN_UNDECLARED_SELECTOR = YES;
				GCC_WARN_UNINITIALIZED_AUTOS = YES_AGGRESSIVE;
				GCC_WARN_UNUSED_FUNCTION = YES;
				GCC_WARN_UNUSED_VARIABLE = YES;
				IPHONEOS_DEPLOYMENT_TARGET = 26.5;
				LOCALIZATION_PREFERS_STRING_CATALOGS = YES;
				MTL_ENABLE_DEBUG_INFO = INCLUDE_SOURCE;
				MTL_FAST_MATH = YES;
				ONLY_ACTIVE_ARCH = YES;
				SDKROOT = iphoneos;
				SWIFT_ACTIVE_COMPILATION_CONDITIONS = "DEBUG $(inherited)";
				SWIFT_OPTIMIZATION_LEVEL = "-Onone";
			};
			name = Debug;
		};
		49C363C42FD4D81B00C1F5DE /* Release */ = {
			isa = XCBuildConfiguration;
			buildSettings = {
				ALWAYS_SEARCH_USER_PATHS = NO;
				ASSETCATALOG_COMPILER_GENERATE_SWIFT_ASSET_SYMBOL_EXTENSIONS = YES;
				CLANG_ANALYZER_NONNULL = YES;
				CLANG_ANALYZER_NUMBER_OBJECT_CONVERSION = YES_AGGRESSIVE;
				CLANG_CXX_LANGUAGE_STANDARD = "gnu++20";
				CLANG_ENABLE_MODULES = YES;
				CLANG_ENABLE_OBJC_ARC = YES;
				CLANG_ENABLE_OBJC_WEAK = YES;
				CLANG_WARN_BLOCK_CAPTURE_AUTORELEASING = YES;
				CLANG_WARN_BOOL_CONVERSION = YES;
				CLANG_WARN_COMMA = YES;
				CLANG_WARN_CONSTANT_CONVERSION = YES;
				CLANG_WARN_DEPRECATED_OBJC_IMPLEMENTATIONS = YES;
				CLANG_WARN_DIRECT_OBJC_ISA_USAGE = YES_ERROR;
				CLANG_WARN_DOCUMENTATION_COMMENTS = YES;
				CLANG_WARN_EMPTY_BODY = YES;
				CLANG_WARN_ENUM_CONVERSION = YES;
				CLANG_WARN_INFINITE_RECURSION = YES;
				CLANG_WARN_INT_CONVERSION = YES;
				CLANG_WARN_NON_LITERAL_NULL_CONVERSION = YES;
				CLANG_WARN_OBJC_IMPLICIT_RETAIN_SELF = YES;
				CLANG_WARN_OBJC_LITERAL_CONVERSION = YES;
				CLANG_WARN_OBJC_ROOT_CLASS = YES_ERROR;
				CLANG_WARN_QUOTED_INCLUDE_IN_FRAMEWORK_HEADER = YES;
				CLANG_WARN_RANGE_LOOP_ANALYSIS = YES;
				CLANG_WARN_STRICT_PROTOTYPES = YES;
				CLANG_WARN_SUSPICIOUS_MOVE = YES;
				CLANG_WARN_UNGUARDED_AVAILABILITY = YES_AGGRESSIVE;
				CLANG_WARN_UNREACHABLE_CODE = YES;
				CLANG_WARN__DUPLICATE_METHOD_MATCH = YES;
				COPY_PHASE_STRIP = NO;
				DEBUG_INFORMATION_FORMAT = "dwarf-with-dsym";
				DEVELOPMENT_TEAM = 8U5CH9W9C4;
				ENABLE_NS_ASSERTIONS = NO;
				ENABLE_STRICT_OBJC_MSGSEND = YES;
				ENABLE_USER_SCRIPT_SANDBOXING = YES;
				GCC_C_LANGUAGE_STANDARD = gnu17;
				GCC_NO_COMMON_BLOCKS = YES;
				GCC_WARN_64_TO_32_BIT_CONVERSION = YES;
				GCC_WARN_ABOUT_RETURN_TYPE = YES_ERROR;
				GCC_WARN_UNDECLARED_SELECTOR = YES;
				GCC_WARN_UNINITIALIZED_AUTOS = YES_AGGRESSIVE;
				GCC_WARN_UNUSED_FUNCTION = YES;
				GCC_WARN_UNUSED_VARIABLE = YES;
				IPHONEOS_DEPLOYMENT_TARGET = 26.5;
				LOCALIZATION_PREFERS_STRING_CATALOGS = YES;
				MTL_ENABLE_DEBUG_INFO = NO;
				MTL_FAST_MATH = YES;
				SDKROOT = iphoneos;
				SWIFT_COMPILATION_MODE = wholemodule;
				VALIDATE_PRODUCT = YES;
			};
			name = Release;
		};
		49C363C62FD4D81B00C1F5DE /* Debug */ = {
			isa = XCBuildConfiguration;
			buildSettings = {
				ASSETCATALOG_COMPILER_APPICON_NAME = AppIcon;
				ASSETCATALOG_COMPILER_GLOBAL_ACCENT_COLOR_NAME = AccentColor;
				CODE_SIGN_ENTITLEMENTS = peppy.entitlements;
				CODE_SIGN_STYLE = Automatic;
				CURRENT_PROJECT_VERSION = 1;
				DEVELOPMENT_TEAM = 8U5CH9W9C4;
				ENABLE_PREVIEWS = YES;
				GENERATE_INFOPLIST_FILE = YES;
				INFOPLIST_KEY_NSFaceIDUsageDescription = "Use Face ID to protect your Peppy health information.";
				INFOPLIST_KEY_NSHealthShareUsageDescription = "Peppy reads selected health data to personalize your baseline, trends, and insights.";
				INFOPLIST_KEY_UIApplicationSceneManifest_Generation = YES;
				INFOPLIST_KEY_UIApplicationSupportsIndirectInputEvents = YES;
				INFOPLIST_KEY_UILaunchScreen_Generation = NO;
				INFOPLIST_KEY_UILaunchStoryboardName = LaunchScreen;
				INFOPLIST_KEY_UISupportedInterfaceOrientations_iPad = "UIInterfaceOrientationPortrait UIInterfaceOrientationPortraitUpsideDown UIInterfaceOrientationLandscapeLeft UIInterfaceOrientationLandscapeRight";
				INFOPLIST_KEY_UISupportedInterfaceOrientations_iPhone = "UIInterfaceOrientationPortrait UIInterfaceOrientationLandscapeLeft UIInterfaceOrientationLandscapeRight";
				IPHONEOS_DEPLOYMENT_TARGET = 17.0;
				LD_RUNPATH_SEARCH_PATHS = (
					"$(inherited)",
					"@executable_path/Frameworks",
				);
				MARKETING_VERSION = 1.0;
				PRODUCT_BUNDLE_IDENTIFIER = com.gabriel.peppy;
				PRODUCT_NAME = "$(TARGET_NAME)";
				STRING_CATALOG_GENERATE_SYMBOLS = YES;
				SWIFT_APPROACHABLE_CONCURRENCY = YES;
				SWIFT_DEFAULT_ACTOR_ISOLATION = MainActor;
				SWIFT_EMIT_LOC_STRINGS = YES;
				SWIFT_UPCOMING_FEATURE_MEMBER_IMPORT_VISIBILITY = YES;
				SWIFT_VERSION = 5.0;
				TARGETED_DEVICE_FAMILY = "1,2";
			};
			name = Debug;
		};
		49C363C72FD4D81B00C1F5DE /* Release */ = {
			isa = XCBuildConfiguration;
			buildSettings = {
				ASSETCATALOG_COMPILER_APPICON_NAME = AppIcon;
				ASSETCATALOG_COMPILER_GLOBAL_ACCENT_COLOR_NAME = AccentColor;
				CODE_SIGN_ENTITLEMENTS = peppy.entitlements;
				CODE_SIGN_STYLE = Automatic;
				CURRENT_PROJECT_VERSION = 1;
				DEVELOPMENT_TEAM = 8U5CH9W9C4;
				ENABLE_PREVIEWS = YES;
				GENERATE_INFOPLIST_FILE = YES;
				INFOPLIST_KEY_NSFaceIDUsageDescription = "Use Face ID to protect your Peppy health information.";
				INFOPLIST_KEY_NSHealthShareUsageDescription = "Peppy reads selected health data to personalize your baseline, trends, and insights.";
				INFOPLIST_KEY_UIApplicationSceneManifest_Generation = YES;
				INFOPLIST_KEY_UIApplicationSupportsIndirectInputEvents = YES;
				INFOPLIST_KEY_UILaunchScreen_Generation = NO;
				INFOPLIST_KEY_UILaunchStoryboardName = LaunchScreen;
				INFOPLIST_KEY_UISupportedInterfaceOrientations_iPad = "UIInterfaceOrientationPortrait UIInterfaceOrientationPortraitUpsideDown UIInterfaceOrientationLandscapeLeft UIInterfaceOrientationLandscapeRight";
				INFOPLIST_KEY_UISupportedInterfaceOrientations_iPhone = "UIInterfaceOrientationPortrait UIInterfaceOrientationLandscapeLeft UIInterfaceOrientationLandscapeRight";
				IPHONEOS_DEPLOYMENT_TARGET = 17.0;
				LD_RUNPATH_SEARCH_PATHS = (
					"$(inherited)",
					"@executable_path/Frameworks",
				);
				MARKETING_VERSION = 1.0;
				PRODUCT_BUNDLE_IDENTIFIER = com.gabriel.peppy;
				PRODUCT_NAME = "$(TARGET_NAME)";
				STRING_CATALOG_GENERATE_SYMBOLS = YES;
				SWIFT_APPROACHABLE_CONCURRENCY = YES;
				SWIFT_DEFAULT_ACTOR_ISOLATION = MainActor;
				SWIFT_EMIT_LOC_STRINGS = YES;
				SWIFT_UPCOMING_FEATURE_MEMBER_IMPORT_VISIBILITY = YES;
				SWIFT_VERSION = 5.0;
				TARGETED_DEVICE_FAMILY = "1,2";
			};
			name = Release;
		};
		49C364BA2FEE000100C1F5DE /* Debug */ = {
			isa = XCBuildConfiguration;
			buildSettings = {
				ALWAYS_EMBED_SWIFT_STANDARD_LIBRARIES = YES;
				BUNDLE_LOADER = "$(TEST_HOST)";
				CODE_SIGN_STYLE = Automatic;
				CURRENT_PROJECT_VERSION = 1;
				DEVELOPMENT_TEAM = 8U5CH9W9C4;
				GENERATE_INFOPLIST_FILE = YES;
				IPHONEOS_DEPLOYMENT_TARGET = 17.0;
				LD_RUNPATH_SEARCH_PATHS = (
					"$(inherited)",
					"@executable_path/Frameworks",
					"@loader_path/Frameworks",
				);
				MARKETING_VERSION = 1.0;
				PRODUCT_BUNDLE_IDENTIFIER = com.gabriel.peppyTests;
				PRODUCT_NAME = "$(TARGET_NAME)";
				SWIFT_APPROACHABLE_CONCURRENCY = YES;
				SWIFT_DEFAULT_ACTOR_ISOLATION = MainActor;
				SWIFT_EMIT_LOC_STRINGS = NO;
				SWIFT_UPCOMING_FEATURE_MEMBER_IMPORT_VISIBILITY = YES;
				SWIFT_VERSION = 5.0;
				TARGETED_DEVICE_FAMILY = "1,2";
				TEST_HOST = "$(BUILT_PRODUCTS_DIR)/peppy.app/$(BUNDLE_EXECUTABLE_FOLDER_PATH)/peppy";
			};
			name = Debug;
		};
		49C364BB2FEE000100C1F5DE /* Release */ = {
			isa = XCBuildConfiguration;
			buildSettings = {
				ALWAYS_EMBED_SWIFT_STANDARD_LIBRARIES = YES;
				BUNDLE_LOADER = "$(TEST_HOST)";
				CODE_SIGN_STYLE = Automatic;
				CURRENT_PROJECT_VERSION = 1;
				DEVELOPMENT_TEAM = 8U5CH9W9C4;
				GENERATE_INFOPLIST_FILE = YES;
				IPHONEOS_DEPLOYMENT_TARGET = 17.0;
				LD_RUNPATH_SEARCH_PATHS = (
					"$(inherited)",
					"@executable_path/Frameworks",
					"@loader_path/Frameworks",
				);
				MARKETING_VERSION = 1.0;
				PRODUCT_BUNDLE_IDENTIFIER = com.gabriel.peppyTests;
				PRODUCT_NAME = "$(TARGET_NAME)";
				SWIFT_APPROACHABLE_CONCURRENCY = YES;
				SWIFT_DEFAULT_ACTOR_ISOLATION = MainActor;
				SWIFT_EMIT_LOC_STRINGS = NO;
				SWIFT_UPCOMING_FEATURE_MEMBER_IMPORT_VISIBILITY = YES;
				SWIFT_VERSION = 5.0;
				TARGETED_DEVICE_FAMILY = "1,2";
				TEST_HOST = "$(BUILT_PRODUCTS_DIR)/peppy.app/$(BUNDLE_EXECUTABLE_FOLDER_PATH)/peppy";
			};
			name = Release;
		};
/* End XCBuildConfiguration section */

/* Begin XCConfigurationList section */
		49C363B52FD4D81900C1F5DE /* Build configuration list for PBXProject "peppy" */ = {
			isa = XCConfigurationList;
			buildConfigurations = (
				49C363C32FD4D81B00C1F5DE /* Debug */,
				49C363C42FD4D81B00C1F5DE /* Release */,
			);
			defaultConfigurationIsVisible = 0;
			defaultConfigurationName = Release;
		};
		49C363C52FD4D81B00C1F5DE /* Build configuration list for PBXNativeTarget "peppy" */ = {
			isa = XCConfigurationList;
			buildConfigurations = (
				49C363C62FD4D81B00C1F5DE /* Debug */,
				49C363C72FD4D81B00C1F5DE /* Release */,
			);
			defaultConfigurationIsVisible = 0;
			defaultConfigurationName = Release;
		};
		49C364BC2FEE000100C1F5DE /* Build configuration list for PBXNativeTarget "peppyTests" */ = {
			isa = XCConfigurationList;
			buildConfigurations = (
				49C364BA2FEE000100C1F5DE /* Debug */,
				49C364BB2FEE000100C1F5DE /* Release */,
			);
			defaultConfigurationIsVisible = 0;
			defaultConfigurationName = Release;
		};
/* End XCConfigurationList section */
	};
	rootObject = 49C363B22FD4D81900C1F5DE /* Project object */;
}
